
Microsoft Visual Studio Solution File, Format Version 12.00
# Visual Studio Version 17
VisualStudioVersion = 17.8.34408.163
MinimumVisualStudioVersion = 15.0.26124.0
Project("{2150E333-8FDC-42A3-9474-1A3956D46DE8}") = "src", "src", "{348A5AC1-9679-4F22-BD65-86ECD67788FC}"
EndProject
Project("{9A19103F-16F7-4668-BE54-9A1E7A4F7556}") = "ImageHub", "src\ImageHub\ImageHub.csproj", "{ACF0AE5B-CBA2-4097-8C7B-775C7FC7FE73}"
EndProject
Project("{2150E333-8FDC-42A3-9474-1A3956D46DE8}") = "test", "test", "{09E1B575-E870-4164-9FF4-F6043CA91FC3}"
EndProject
Project("{9A19103F-16F7-4668-BE54-9A1E7A4F7556}") = "ImageHub.ComponentTests", "test\ImageHub.ComponentTests\ImageHub.ComponentTests.csproj", "{DA4ED1D4-13DC-4F75-A8AD-F95CF4AF416C}"
EndProject
Project("{9A19103F-16F7-4668-BE54-9A1E7A4F7556}") = "ImageHub.FunctionalTests", "test\ImageHub.FunctionalTests\ImageHub.FunctionalTests.csproj", "{61C544C7-40B6-465D-90C9-70564BE56B18}"
EndProject
Project("{9A19103F-16F7-4668-BE54-9A1E7A4F7556}") = "ImageHub.UnitTests", "test\ImageHub.UnitTests\ImageHub.UnitTests.csproj", "{605F5EB9-232D-4401-85E5-5EE5E27E830B}"
EndProject
Project("{2150E333-8FDC-42A3-9474-1A3956D46DE8}") = "Solution Items", "Solution Items", "{C550B8A5-41AB-4D17-B52F-FAEA6C705924}"
	ProjectSection(SolutionItems) = preProject
		azure-pipelines-analysis.yml = azure-pipelines-analysis.yml
		azure-pipelines.yml = azure-pipelines.yml
	EndProjectSection
EndProject
Global
	GlobalSection(SolutionConfigurationPlatforms) = preSolution
		Debug|Any CPU = Debug|Any CPU
		Debug|x64 = Debug|x64
		Debug|x86 = Debug|x86
		Release|Any CPU = Release|Any CPU
		Release|x64 = Release|x64
		Release|x86 = Release|x86
	EndGlobalSection
	GlobalSection(ProjectConfigurationPlatforms) = postSolution
		{ACF0AE5B-CBA2-4097-8C7B-775C7FC7FE73}.Debug|Any CPU.ActiveCfg = Debug|Any CPU
		{ACF0AE5B-CBA2-4097-8C7B-775C7FC7FE73}.Debug|Any CPU.Build.0 = Debug|Any CPU
		{ACF0AE5B-CBA2-4097-8C7B-775C7FC7FE73}.Debug|x64.ActiveCfg = Debug|Any CPU
		{ACF0AE5B-CBA2-4097-8C7B-775C7FC7FE73}.Debug|x64.Build.0 = Debug|Any CPU
		{ACF0AE5B-CBA2-4097-8C7B-775C7FC7FE73}.Debug|x86.ActiveCfg = Debug|Any CPU
		{ACF0AE5B-CBA2-4097-8C7B-775C7FC7FE73}.Debug|x86.Build.0 = Debug|Any CPU
		{ACF0AE5B-CBA2-4097-8C7B-775C7FC7FE73}.Release|Any CPU.ActiveCfg = Release|Any CPU
		{ACF0AE5B-CBA2-4097-8C7B-775C7FC7FE73}.Release|Any CPU.Build.0 = Release|Any CPU
		{ACF0AE5B-CBA2-4097-8C7B-775C7FC7FE73}.Release|x64.ActiveCfg = Release|Any CPU
		{ACF0AE5B-CBA2-4097-8C7B-775C7FC7FE73}.Release|x64.Build.0 = Release|Any CPU
		{ACF0AE5B-CBA2-4097-8C7B-775C7FC7FE73}.Release|x86.ActiveCfg = Release|Any CPU
		{ACF0AE5B-CBA2-4097-8C7B-775C7FC7FE73}.Release|x86.Build.0 = Release|Any CPU
		{DA4ED1D4-13DC-4F75-A8AD-F95CF4AF416C}.Debug|Any CPU.ActiveCfg = Debug|Any CPU
		{DA4ED1D4-13DC-4F75-A8AD-F95CF4AF416C}.Debug|Any CPU.Build.0 = Debug|Any CPU
		{DA4ED1D4-13DC-4F75-A8AD-F95CF4AF416C}.Debug|x64.ActiveCfg = Debug|Any CPU
		{DA4ED1D4-13DC-4F75-A8AD-F95CF4AF416C}.Debug|x64.Build.0 = Debug|Any CPU
		{DA4ED1D4-13DC-4F75-A8AD-F95CF4AF416C}.Debug|x86.ActiveCfg = Debug|Any CPU
		{DA4ED1D4-13DC-4F75-A8AD-F95CF4AF416C}.Debug|x86.Build.0 = Debug|Any CPU
		{DA4ED1D4-13DC-4F75-A8AD-F95CF4AF416C}.Release|Any CPU.ActiveCfg = Release|Any CPU
		{DA4ED1D4-13DC-4F75-A8AD-F95CF4AF416C}.Release|Any CPU.Build.0 = Release|Any CPU
		{DA4ED1D4-13DC-4F75-A8AD-F95CF4AF416C}.Release|x64.ActiveCfg = Release|Any CPU
		{DA4ED1D4-13DC-4F75-A8AD-F95CF4AF416C}.Release|x64.Build.0 = Release|Any CPU
		{DA4ED1D4-13DC-4F75-A8AD-F95CF4AF416C}.Release|x86.ActiveCfg = Release|Any CPU
		{DA4ED1D4-13DC-4F75-A8AD-F95CF4AF416C}.Release|x86.Build.0 = Release|Any CPU
		{61C544C7-40B6-465D-90C9-70564BE56B18}.Debug|Any CPU.ActiveCfg = Debug|Any CPU
		{61C544C7-40B6-465D-90C9-70564BE56B18}.Debug|Any CPU.Build.0 = Debug|Any CPU
		{61C544C7-40B6-465D-90C9-70564BE56B18}.Debug|x64.ActiveCfg = Debug|Any CPU
		{61C544C7-40B6-465D-90C9-70564BE56B18}.Debug|x64.Build.0 = Debug|Any CPU
		{61C544C7-40B6-465D-90C9-70564BE56B18}.Debug|x86.ActiveCfg = Debug|Any CPU
		{61C544C7-40B6-465D-90C9-70564BE56B18}.Debug|x86.Build.0 = Debug|Any CPU
		{61C544C7-40B6-465D-90C9-70564BE56B18}.Release|Any CPU.ActiveCfg = Release|Any CPU
		{61C544C7-40B6-465D-90C9-70564BE56B18}.Release|Any CPU.Build.0 = Release|Any CPU
		{61C544C7-40B6-465D-90C9-70564BE56B18}.Release|x64.ActiveCfg = Release|Any CPU
		{61C544C7-40B6-465D-90C9-70564BE56B18}.Release|x64.Build.0 = Release|Any CPU
		{61C544C7-40B6-465D-90C9-70564BE56B18}.Release|x86.ActiveCfg = Release|Any CPU
		{61C544C7-40B6-465D-90C9-70564BE56B18}.Release|x86.Build.0 = Release|Any CPU
		{605F5EB9-232D-4401-85E5-5EE5E27E830B}.Debug|Any CPU.ActiveCfg = Debug|Any CPU
		{605F5EB9-232D-4401-85E5-5EE5E27E830B}.Debug|Any CPU.Build.0 = Debug|Any CPU
		{605F5EB9-232D-4401-85E5-5EE5E27E830B}.Debug|x64.ActiveCfg = Debug|Any CPU
		{605F5EB9-232D-4401-85E5-5EE5E27E830B}.Debug|x64.Build.0 = Debug|Any CPU
		{605F5EB9-232D-4401-85E5-5EE5E27E830B}.Debug|x86.ActiveCfg = Debug|Any CPU
		{605F5EB9-232D-4401-85E5-5EE5E27E830B}.Debug|x86.Build.0 = Debug|Any CPU
		{605F5EB9-232D-4401-85E5-5EE5E27E830B}.Release|Any CPU.ActiveCfg = Release|Any CPU
		{605F5EB9-232D-4401-85E5-5EE5E27E830B}.Release|Any CPU.Build.0 = Release|Any CPU
		{605F5EB9-232D-4401-85E5-5EE5E27E830B}.Release|x64.ActiveCfg = Release|Any CPU
		{605F5EB9-232D-4401-85E5-5EE5E27E830B}.Release|x64.Build.0 = Release|Any CPU
		{605F5EB9-232D-4401-85E5-5EE5E27E830B}.Release|x86.ActiveCfg = Release|Any CPU
		{605F5EB9-232D-4401-85E5-5EE5E27E830B}.Release|x86.Build.0 = Release|Any CPU
	EndGlobalSection
	GlobalSection(SolutionProperties) = preSolution
		HideSolutionNode = FALSE
	EndGlobalSection
	GlobalSection(NestedProjects) = preSolution
		{ACF0AE5B-CBA2-4097-8C7B-775C7FC7FE73} = {348A5AC1-9679-4F22-BD65-86ECD67788FC}
		{DA4ED1D4-13DC-4F75-A8AD-F95CF4AF416C} = {09E1B575-E870-4164-9FF4-F6043CA91FC3}
		{61C544C7-40B6-465D-90C9-70564BE56B18} = {09E1B575-E870-4164-9FF4-F6043CA91FC3}
		{605F5EB9-232D-4401-85E5-5EE5E27E830B} = {09E1B575-E870-4164-9FF4-F6043CA91FC3}
	EndGlobalSection
	GlobalSection(ExtensibilityGlobals) = postSolution
		SolutionGuid = {95FD33A0-C58E-4B4E-A873-28BD8965982B}
	EndGlobalSection
EndGlobal
