
Microsoft Visual Studio Solution File, Format Version 12.00
# Visual Studio Version 17
VisualStudioVersion = 17.0.32014.148
MinimumVisualStudioVersion = 15.0.26124.0
Project("{2150E333-8FDC-42A3-9474-1A3956D46DE8}") = "src", "src", "{88E711F0-4BDC-457F-B09E-E3DD1A454191}"
EndProject
Project("{9A19103F-16F7-4668-BE54-9A1E7A4F7556}") = "PlatformPortalXL", "src\PlatformPortalXL\PlatformPortalXL.csproj", "{B0E766C9-3563-453B-99CD-81F9591E4766}"
EndProject
Project("{2150E333-8FDC-42A3-9474-1A3956D46DE8}") = "test", "test", "{E05FC4A1-7127-4975-9B6E-D7B6A1C92A62}"
EndProject
Project("{9A19103F-16F7-4668-BE54-9A1E7A4F7556}") = "PlatformPortalXL.Test", "test\PlatformPortalXL.Test\PlatformPortalXL.Test.csproj", "{75A55804-6AF4-4517-8041-1EC42829893B}"
EndProject
Project("{9A19103F-16F7-4668-BE54-9A1E7A4F7556}") = "Willow.Platform.Users", "src\Platform.Users\Willow.Platform.Users.csproj", "{3C6E537D-C8CC-43B4-A0AB-86B6414D30A6}"
EndProject
Project("{9A19103F-16F7-4668-BE54-9A1E7A4F7556}") = "Willow.Platform.Users.UnitTests", "test\Platform.Users.UnitTests\Willow.Platform.Users.UnitTests.csproj", "{CB0952A8-922C-418B-92C6-83C3AD2E292C}"
EndProject
Project("{2150E333-8FDC-42A3-9474-1A3956D46DE8}") = "Solution Items", "Solution Items", "{1C1E5BAD-5668-42AC-8D2E-3B55A2126FAD}"
	ProjectSection(SolutionItems) = preProject
		.gitignore = .gitignore
		azure-pipelines.yml = azure-pipelines.yml
		Directory.Build.props = Directory.Build.props
		README.md = README.md
	EndProjectSection
EndProject
Project("{2150E333-8FDC-42A3-9474-1A3956D46DE8}") = "KPI", "KPI", "{D72197A8-FACF-4872-A0CB-0434C186D207}"
EndProject
Project("{9A19103F-16F7-4668-BE54-9A1E7A4F7556}") = "KPI.Repository", "src\KPI\KPI.Repository\KPI.Repository.csproj", "{AACA7FF1-BE10-4514-A853-59860C2A8F1A}"
EndProject
Project("{9A19103F-16F7-4668-BE54-9A1E7A4F7556}") = "KPI.Service", "src\KPI\KPI.Service\KPI.Service.csproj", "{F1D81849-F29C-4230-B082-FDDA2409205A}"
EndProject
Project("{9A19103F-16F7-4668-BE54-9A1E7A4F7556}") = "KPI.Service.UnitTests", "test\KPI.Service.UnitTests\KPI.Service.UnitTests.csproj", "{CC0E3791-5F9E-420D-BC19-EB8A76A5F8FA}"
EndProject
Project("{9A19103F-16F7-4668-BE54-9A1E7A4F7556}") = "Willow.Management", "src\Willow.Management\Willow.Management.csproj", "{3AAEF7AE-9B53-4221-8521-1F726AA56B45}"
EndProject
Project("{9A19103F-16F7-4668-BE54-9A1E7A4F7556}") = "Willow.Management.UnitTests", "test\Willow.Management.UnitTests\Willow.Management.UnitTests.csproj", "{AF12D90C-D8DF-40E3-B224-DEDF1CB219F9}"
EndProject
Project("{9A19103F-16F7-4668-BE54-9A1E7A4F7556}") = "Willow.Workflow", "src\Willow.Workflow\Willow.Workflow.csproj", "{78ECBDE5-2E32-43F2-A823-342C07A5A96E}"
EndProject
Project("{9A19103F-16F7-4668-BE54-9A1E7A4F7556}") = "Willow.Workflow.UnitTests", "test\Willow.Workflow.UnitTests\Willow.Workflow.UnitTests.csproj", "{4A3BD6AC-A7BA-4B92-A4E6-F7B66152C345}"
EndProject
Project("{9A19103F-16F7-4668-BE54-9A1E7A4F7556}") = "Willow.Platform.Models", "src\Willow.Platform.Models\Willow.Platform.Models.csproj", "{E4A19934-8709-4B3B-A3C5-8E20A3A0F832}"
EndProject
Project("{9A19103F-16F7-4668-BE54-9A1E7A4F7556}") = "Willow.Platform.Localization", "src\Willow.Platform.Localization\Willow.Platform.Localization.csproj", "{781EB43F-5F2F-464F-9715-C1621E9844DF}"
EndProject
Project("{9A19103F-16F7-4668-BE54-9A1E7A4F7556}") = "Willow.Platform.Localization.UnitTests", "test\Willow.Platform.Localization.UnitTests\Willow.Platform.Localization.UnitTests.csproj", "{5DDF94A2-5655-404E-9869-0CED1DFD47C2}"
EndProject
Project("{9A19103F-16F7-4668-BE54-9A1E7A4F7556}") = "Willow.Platform.Statistics", "src\Willow.Platform.Statistics\Willow.Platform.Statistics.csproj", "{3A0DC64C-D779-4347-9313-C1D4C07A0213}"
EndProject
Project("{9A19103F-16F7-4668-BE54-9A1E7A4F7556}") = "Willow.Platform.Statistics.UnitTests", "test\Willow.Platform.Statistics.UnitTests\Willow.Platform.Statistics.UnitTests.csproj", "{C225136D-F75B-4530-9991-CCBCF05A2EFE}"
EndProject
Project("{9A19103F-16F7-4668-BE54-9A1E7A4F7556}") = "Willow.Platform.Localization.FunctionalTests", "test\Willow.Platform.Localization.FunctionalTests\Willow.Platform.Localization.FunctionalTests.csproj", "{98B4189B-7853-4FE5-9966-71D857F5D3BC}"
EndProject
Project("{9A19103F-16F7-4668-BE54-9A1E7A4F7556}") = "Willow.MessageDispatch", "src\Willow.MessageDispatch\Willow.MessageDispatch.csproj", "{B89D4DA7-5A6A-4086-ACAF-623C9B9BEE45}"
EndProject
Project("{9A19103F-16F7-4668-BE54-9A1E7A4F7556}") = "Willow.TimedDispatch", "src\Willow.TimedDispatch\Willow.TimedDispatch.csproj", "{591E2734-A324-4FEB-A8F6-8FA57A9AE112}"
EndProject
Project("{2150E333-8FDC-42A3-9474-1A3956D46DE8}") = "WillowLib", "WillowLib", "{B1E1A313-676F-4EB6-8CAD-74AC18F59D4A}"
EndProject
Project("{9A19103F-16F7-4668-BE54-9A1E7A4F7556}") = "Willow.Api.Authorization", "..\..\lib\src\Willow.Api.Authorization\Willow.Api.Authorization.csproj", "{BDA34865-56F7-4A4A-A384-C179E49DFC9C}"
EndProject
Project("{9A19103F-16F7-4668-BE54-9A1E7A4F7556}") = "Willow.Api.AzureStorage", "..\..\lib\src\WIllow.Api.AzureStorage\Willow.Api.AzureStorage.csproj", "{3A3C1BD5-941C-4FF4-8934-30EB1EACC8F2}"
EndProject
Project("{9A19103F-16F7-4668-BE54-9A1E7A4F7556}") = "Willow.Api.Binding", "..\..\lib\src\Willow.Api.Binding\Willow.Api.Binding.csproj", "{A50B20F9-E009-4774-90AA-25C26F307D77}"
EndProject
Project("{9A19103F-16F7-4668-BE54-9A1E7A4F7556}") = "Willow.Api.Client", "..\..\lib\src\Willow.Api.Client\Willow.Api.Client.csproj", "{84FF7DEA-23AC-407C-AEAB-5D567C5855E1}"
EndProject
Project("{9A19103F-16F7-4668-BE54-9A1E7A4F7556}") = "Willow.Api.DataValidation", "..\..\lib\src\Willow.Api.DataValidation\Willow.Api.DataValidation.csproj", "{4D626FE8-D7E4-48C1-9570-7180485B21BD}"
EndProject
Project("{9A19103F-16F7-4668-BE54-9A1E7A4F7556}") = "Willow.Azure.Storage", "..\..\lib\src\Willow.Azure.Storage\Willow.Azure.Storage.csproj", "{35C2AC1F-BD8B-4959-9B29-BE5B7C2A4C29}"
EndProject
Project("{9A19103F-16F7-4668-BE54-9A1E7A4F7556}") = "Willow.Calendar", "..\..\lib\src\Willow.Calendar\Willow.Calendar.csproj", "{2411BC36-8A38-437C-AD9E-5F55701DA7B9}"
EndProject
Project("{9A19103F-16F7-4668-BE54-9A1E7A4F7556}") = "Willow.Common", "..\..\lib\src\Willow.Common\Willow.Common.csproj", "{0F521D85-39CA-4CEC-B0F1-7A490A2847D3}"
EndProject
Project("{9A19103F-16F7-4668-BE54-9A1E7A4F7556}") = "Willow.Data", "..\..\lib\src\Willow.Data\Willow.Data.csproj", "{5C1279AF-DA48-4D52-83D0-724924301103}"
EndProject
Project("{9A19103F-16F7-4668-BE54-9A1E7A4F7556}") = "Willow.Data.Rest", "..\..\lib\src\Willow.Data.Rest\Willow.Data.Rest.csproj", "{8BF10CFD-A769-4A87-82B9-A82BFC81DDFF}"
EndProject
Project("{9A19103F-16F7-4668-BE54-9A1E7A4F7556}") = "Willow.DataValidation", "..\..\lib\src\Willow.DataValidation\Willow.DataValidation.csproj", "{902D0B73-CC14-4DE9-9526-15840FC4FA9E}"
EndProject
Project("{9A19103F-16F7-4668-BE54-9A1E7A4F7556}") = "Willow.Proxy", "..\..\lib\src\Willow.Proxy\Willow.Proxy.csproj", "{737372BA-4635-42F1-9132-4B4372D7504F}"
EndProject
Project("{9A19103F-16F7-4668-BE54-9A1E7A4F7556}") = "Willow.Logging", "..\..\lib\src\Willow.Logging\Willow.Logging.csproj", "{2BAD52B2-3666-4490-97F5-B44F650BFC6A}"
EndProject
Project("{9A19103F-16F7-4668-BE54-9A1E7A4F7556}") = "Willow.ServiceBus", "..\..\lib\src\Willow.ServiceBus\Willow.ServiceBus.csproj", "{90498F22-D4C5-49EC-8FD9-C1DA4FCA9C5C}"
EndProject
Project("{9A19103F-16F7-4668-BE54-9A1E7A4F7556}") = "Willow.Directory.Models", "..\..\lib\src\Willow.Directory.Models\Willow.Directory.Models.csproj", "{88EF4C66-D958-4F65-BAD3-553E7A1CF370}"
EndProject
Project("{9A19103F-16F7-4668-BE54-9A1E7A4F7556}") = "Willow.Common.UnitTests", "test\Willow.Common.UnitTests\Willow.Common.UnitTests.csproj", "{55405FDF-F65E-4734-873C-FD85F835A4DD}"
EndProject
Project("{FAE04EC0-301F-11D3-BF4B-00C04F79EFBC}") = "Willow.Data.UnitTests", "test\Willow.Data.UnitTests\Willow.Data.UnitTests.csproj", "{205DF8F1-0F13-4C73-B393-98AD93E27319}"
EndProject
Global
	GlobalSection(SolutionConfigurationPlatforms) = preSolution
		Debug|Any CPU = Debug|Any CPU
		Debug|x64 = Debug|x64
		Debug|x86 = Debug|x86
		Release|Any CPU = Release|Any CPU
		Release|x64 = Release|x64
		Release|x86 = Release|x86
	EndGlobalSection
	GlobalSection(ProjectConfigurationPlatforms) = postSolution
		{B0E766C9-3563-453B-99CD-81F9591E4766}.Debug|Any CPU.ActiveCfg = Debug|Any CPU
		{B0E766C9-3563-453B-99CD-81F9591E4766}.Debug|Any CPU.Build.0 = Debug|Any CPU
		{B0E766C9-3563-453B-99CD-81F9591E4766}.Debug|x64.ActiveCfg = Debug|Any CPU
		{B0E766C9-3563-453B-99CD-81F9591E4766}.Debug|x64.Build.0 = Debug|Any CPU
		{B0E766C9-3563-453B-99CD-81F9591E4766}.Debug|x86.ActiveCfg = Debug|Any CPU
		{B0E766C9-3563-453B-99CD-81F9591E4766}.Debug|x86.Build.0 = Debug|Any CPU
		{B0E766C9-3563-453B-99CD-81F9591E4766}.Release|Any CPU.ActiveCfg = Release|Any CPU
		{B0E766C9-3563-453B-99CD-81F9591E4766}.Release|Any CPU.Build.0 = Release|Any CPU
		{B0E766C9-3563-453B-99CD-81F9591E4766}.Release|x64.ActiveCfg = Release|Any CPU
		{B0E766C9-3563-453B-99CD-81F9591E4766}.Release|x64.Build.0 = Release|Any CPU
		{B0E766C9-3563-453B-99CD-81F9591E4766}.Release|x86.ActiveCfg = Release|Any CPU
		{B0E766C9-3563-453B-99CD-81F9591E4766}.Release|x86.Build.0 = Release|Any CPU
		{75A55804-6AF4-4517-8041-1EC42829893B}.Debug|Any CPU.ActiveCfg = Debug|Any CPU
		{75A55804-6AF4-4517-8041-1EC42829893B}.Debug|Any CPU.Build.0 = Debug|Any CPU
		{75A55804-6AF4-4517-8041-1EC42829893B}.Debug|x64.ActiveCfg = Debug|Any CPU
		{75A55804-6AF4-4517-8041-1EC42829893B}.Debug|x64.Build.0 = Debug|Any CPU
		{75A55804-6AF4-4517-8041-1EC42829893B}.Debug|x86.ActiveCfg = Debug|Any CPU
		{75A55804-6AF4-4517-8041-1EC42829893B}.Debug|x86.Build.0 = Debug|Any CPU
		{75A55804-6AF4-4517-8041-1EC42829893B}.Release|Any CPU.ActiveCfg = Release|Any CPU
		{75A55804-6AF4-4517-8041-1EC42829893B}.Release|Any CPU.Build.0 = Release|Any CPU
		{75A55804-6AF4-4517-8041-1EC42829893B}.Release|x64.ActiveCfg = Release|Any CPU
		{75A55804-6AF4-4517-8041-1EC42829893B}.Release|x64.Build.0 = Release|Any CPU
		{75A55804-6AF4-4517-8041-1EC42829893B}.Release|x86.ActiveCfg = Release|Any CPU
		{75A55804-6AF4-4517-8041-1EC42829893B}.Release|x86.Build.0 = Release|Any CPU
		{3C6E537D-C8CC-43B4-A0AB-86B6414D30A6}.Debug|Any CPU.ActiveCfg = Debug|Any CPU
		{3C6E537D-C8CC-43B4-A0AB-86B6414D30A6}.Debug|Any CPU.Build.0 = Debug|Any CPU
		{3C6E537D-C8CC-43B4-A0AB-86B6414D30A6}.Debug|x64.ActiveCfg = Debug|Any CPU
		{3C6E537D-C8CC-43B4-A0AB-86B6414D30A6}.Debug|x64.Build.0 = Debug|Any CPU
		{3C6E537D-C8CC-43B4-A0AB-86B6414D30A6}.Debug|x86.ActiveCfg = Debug|Any CPU
		{3C6E537D-C8CC-43B4-A0AB-86B6414D30A6}.Debug|x86.Build.0 = Debug|Any CPU
		{3C6E537D-C8CC-43B4-A0AB-86B6414D30A6}.Release|Any CPU.ActiveCfg = Release|Any CPU
		{3C6E537D-C8CC-43B4-A0AB-86B6414D30A6}.Release|Any CPU.Build.0 = Release|Any CPU
		{3C6E537D-C8CC-43B4-A0AB-86B6414D30A6}.Release|x64.ActiveCfg = Release|Any CPU
		{3C6E537D-C8CC-43B4-A0AB-86B6414D30A6}.Release|x64.Build.0 = Release|Any CPU
		{3C6E537D-C8CC-43B4-A0AB-86B6414D30A6}.Release|x86.ActiveCfg = Release|Any CPU
		{3C6E537D-C8CC-43B4-A0AB-86B6414D30A6}.Release|x86.Build.0 = Release|Any CPU
		{CB0952A8-922C-418B-92C6-83C3AD2E292C}.Debug|Any CPU.ActiveCfg = Debug|Any CPU
		{CB0952A8-922C-418B-92C6-83C3AD2E292C}.Debug|Any CPU.Build.0 = Debug|Any CPU
		{CB0952A8-922C-418B-92C6-83C3AD2E292C}.Debug|x64.ActiveCfg = Debug|Any CPU
		{CB0952A8-922C-418B-92C6-83C3AD2E292C}.Debug|x64.Build.0 = Debug|Any CPU
		{CB0952A8-922C-418B-92C6-83C3AD2E292C}.Debug|x86.ActiveCfg = Debug|Any CPU
		{CB0952A8-922C-418B-92C6-83C3AD2E292C}.Debug|x86.Build.0 = Debug|Any CPU
		{CB0952A8-922C-418B-92C6-83C3AD2E292C}.Release|Any CPU.ActiveCfg = Release|Any CPU
		{CB0952A8-922C-418B-92C6-83C3AD2E292C}.Release|Any CPU.Build.0 = Release|Any CPU
		{CB0952A8-922C-418B-92C6-83C3AD2E292C}.Release|x64.ActiveCfg = Release|Any CPU
		{CB0952A8-922C-418B-92C6-83C3AD2E292C}.Release|x64.Build.0 = Release|Any CPU
		{CB0952A8-922C-418B-92C6-83C3AD2E292C}.Release|x86.ActiveCfg = Release|Any CPU
		{CB0952A8-922C-418B-92C6-83C3AD2E292C}.Release|x86.Build.0 = Release|Any CPU
		{AACA7FF1-BE10-4514-A853-59860C2A8F1A}.Debug|Any CPU.ActiveCfg = Debug|Any CPU
		{AACA7FF1-BE10-4514-A853-59860C2A8F1A}.Debug|Any CPU.Build.0 = Debug|Any CPU
		{AACA7FF1-BE10-4514-A853-59860C2A8F1A}.Debug|x64.ActiveCfg = Debug|Any CPU
		{AACA7FF1-BE10-4514-A853-59860C2A8F1A}.Debug|x64.Build.0 = Debug|Any CPU
		{AACA7FF1-BE10-4514-A853-59860C2A8F1A}.Debug|x86.ActiveCfg = Debug|Any CPU
		{AACA7FF1-BE10-4514-A853-59860C2A8F1A}.Debug|x86.Build.0 = Debug|Any CPU
		{AACA7FF1-BE10-4514-A853-59860C2A8F1A}.Release|Any CPU.ActiveCfg = Release|Any CPU
		{AACA7FF1-BE10-4514-A853-59860C2A8F1A}.Release|Any CPU.Build.0 = Release|Any CPU
		{AACA7FF1-BE10-4514-A853-59860C2A8F1A}.Release|x64.ActiveCfg = Release|Any CPU
		{AACA7FF1-BE10-4514-A853-59860C2A8F1A}.Release|x64.Build.0 = Release|Any CPU
		{AACA7FF1-BE10-4514-A853-59860C2A8F1A}.Release|x86.ActiveCfg = Release|Any CPU
		{AACA7FF1-BE10-4514-A853-59860C2A8F1A}.Release|x86.Build.0 = Release|Any CPU
		{F1D81849-F29C-4230-B082-FDDA2409205A}.Debug|Any CPU.ActiveCfg = Debug|Any CPU
		{F1D81849-F29C-4230-B082-FDDA2409205A}.Debug|Any CPU.Build.0 = Debug|Any CPU
		{F1D81849-F29C-4230-B082-FDDA2409205A}.Debug|x64.ActiveCfg = Debug|Any CPU
		{F1D81849-F29C-4230-B082-FDDA2409205A}.Debug|x64.Build.0 = Debug|Any CPU
		{F1D81849-F29C-4230-B082-FDDA2409205A}.Debug|x86.ActiveCfg = Debug|Any CPU
		{F1D81849-F29C-4230-B082-FDDA2409205A}.Debug|x86.Build.0 = Debug|Any CPU
		{F1D81849-F29C-4230-B082-FDDA2409205A}.Release|Any CPU.ActiveCfg = Release|Any CPU
		{F1D81849-F29C-4230-B082-FDDA2409205A}.Release|Any CPU.Build.0 = Release|Any CPU
		{F1D81849-F29C-4230-B082-FDDA2409205A}.Release|x64.ActiveCfg = Release|Any CPU
		{F1D81849-F29C-4230-B082-FDDA2409205A}.Release|x64.Build.0 = Release|Any CPU
		{F1D81849-F29C-4230-B082-FDDA2409205A}.Release|x86.ActiveCfg = Release|Any CPU
		{F1D81849-F29C-4230-B082-FDDA2409205A}.Release|x86.Build.0 = Release|Any CPU
		{CC0E3791-5F9E-420D-BC19-EB8A76A5F8FA}.Debug|Any CPU.ActiveCfg = Debug|Any CPU
		{CC0E3791-5F9E-420D-BC19-EB8A76A5F8FA}.Debug|Any CPU.Build.0 = Debug|Any CPU
		{CC0E3791-5F9E-420D-BC19-EB8A76A5F8FA}.Debug|x64.ActiveCfg = Debug|Any CPU
		{CC0E3791-5F9E-420D-BC19-EB8A76A5F8FA}.Debug|x64.Build.0 = Debug|Any CPU
		{CC0E3791-5F9E-420D-BC19-EB8A76A5F8FA}.Debug|x86.ActiveCfg = Debug|Any CPU
		{CC0E3791-5F9E-420D-BC19-EB8A76A5F8FA}.Debug|x86.Build.0 = Debug|Any CPU
		{CC0E3791-5F9E-420D-BC19-EB8A76A5F8FA}.Release|Any CPU.ActiveCfg = Release|Any CPU
		{CC0E3791-5F9E-420D-BC19-EB8A76A5F8FA}.Release|Any CPU.Build.0 = Release|Any CPU
		{CC0E3791-5F9E-420D-BC19-EB8A76A5F8FA}.Release|x64.ActiveCfg = Release|Any CPU
		{CC0E3791-5F9E-420D-BC19-EB8A76A5F8FA}.Release|x64.Build.0 = Release|Any CPU
		{CC0E3791-5F9E-420D-BC19-EB8A76A5F8FA}.Release|x86.ActiveCfg = Release|Any CPU
		{CC0E3791-5F9E-420D-BC19-EB8A76A5F8FA}.Release|x86.Build.0 = Release|Any CPU
		{3AAEF7AE-9B53-4221-8521-1F726AA56B45}.Debug|Any CPU.ActiveCfg = Debug|Any CPU
		{3AAEF7AE-9B53-4221-8521-1F726AA56B45}.Debug|Any CPU.Build.0 = Debug|Any CPU
		{3AAEF7AE-9B53-4221-8521-1F726AA56B45}.Debug|x64.ActiveCfg = Debug|Any CPU
		{3AAEF7AE-9B53-4221-8521-1F726AA56B45}.Debug|x64.Build.0 = Debug|Any CPU
		{3AAEF7AE-9B53-4221-8521-1F726AA56B45}.Debug|x86.ActiveCfg = Debug|Any CPU
		{3AAEF7AE-9B53-4221-8521-1F726AA56B45}.Debug|x86.Build.0 = Debug|Any CPU
		{3AAEF7AE-9B53-4221-8521-1F726AA56B45}.Release|Any CPU.ActiveCfg = Release|Any CPU
		{3AAEF7AE-9B53-4221-8521-1F726AA56B45}.Release|Any CPU.Build.0 = Release|Any CPU
		{3AAEF7AE-9B53-4221-8521-1F726AA56B45}.Release|x64.ActiveCfg = Release|Any CPU
		{3AAEF7AE-9B53-4221-8521-1F726AA56B45}.Release|x64.Build.0 = Release|Any CPU
		{3AAEF7AE-9B53-4221-8521-1F726AA56B45}.Release|x86.ActiveCfg = Release|Any CPU
		{3AAEF7AE-9B53-4221-8521-1F726AA56B45}.Release|x86.Build.0 = Release|Any CPU
		{AF12D90C-D8DF-40E3-B224-DEDF1CB219F9}.Debug|Any CPU.ActiveCfg = Debug|Any CPU
		{AF12D90C-D8DF-40E3-B224-DEDF1CB219F9}.Debug|Any CPU.Build.0 = Debug|Any CPU
		{AF12D90C-D8DF-40E3-B224-DEDF1CB219F9}.Debug|x64.ActiveCfg = Debug|Any CPU
		{AF12D90C-D8DF-40E3-B224-DEDF1CB219F9}.Debug|x64.Build.0 = Debug|Any CPU
		{AF12D90C-D8DF-40E3-B224-DEDF1CB219F9}.Debug|x86.ActiveCfg = Debug|Any CPU
		{AF12D90C-D8DF-40E3-B224-DEDF1CB219F9}.Debug|x86.Build.0 = Debug|Any CPU
		{AF12D90C-D8DF-40E3-B224-DEDF1CB219F9}.Release|Any CPU.ActiveCfg = Release|Any CPU
		{AF12D90C-D8DF-40E3-B224-DEDF1CB219F9}.Release|Any CPU.Build.0 = Release|Any CPU
		{AF12D90C-D8DF-40E3-B224-DEDF1CB219F9}.Release|x64.ActiveCfg = Release|Any CPU
		{AF12D90C-D8DF-40E3-B224-DEDF1CB219F9}.Release|x64.Build.0 = Release|Any CPU
		{AF12D90C-D8DF-40E3-B224-DEDF1CB219F9}.Release|x86.ActiveCfg = Release|Any CPU
		{AF12D90C-D8DF-40E3-B224-DEDF1CB219F9}.Release|x86.Build.0 = Release|Any CPU
		{78ECBDE5-2E32-43F2-A823-342C07A5A96E}.Debug|Any CPU.ActiveCfg = Debug|Any CPU
		{78ECBDE5-2E32-43F2-A823-342C07A5A96E}.Debug|Any CPU.Build.0 = Debug|Any CPU
		{78ECBDE5-2E32-43F2-A823-342C07A5A96E}.Debug|x64.ActiveCfg = Debug|Any CPU
		{78ECBDE5-2E32-43F2-A823-342C07A5A96E}.Debug|x64.Build.0 = Debug|Any CPU
		{78ECBDE5-2E32-43F2-A823-342C07A5A96E}.Debug|x86.ActiveCfg = Debug|Any CPU
		{78ECBDE5-2E32-43F2-A823-342C07A5A96E}.Debug|x86.Build.0 = Debug|Any CPU
		{78ECBDE5-2E32-43F2-A823-342C07A5A96E}.Release|Any CPU.ActiveCfg = Release|Any CPU
		{78ECBDE5-2E32-43F2-A823-342C07A5A96E}.Release|Any CPU.Build.0 = Release|Any CPU
		{78ECBDE5-2E32-43F2-A823-342C07A5A96E}.Release|x64.ActiveCfg = Release|Any CPU
		{78ECBDE5-2E32-43F2-A823-342C07A5A96E}.Release|x64.Build.0 = Release|Any CPU
		{78ECBDE5-2E32-43F2-A823-342C07A5A96E}.Release|x86.ActiveCfg = Release|Any CPU
		{78ECBDE5-2E32-43F2-A823-342C07A5A96E}.Release|x86.Build.0 = Release|Any CPU
		{4A3BD6AC-A7BA-4B92-A4E6-F7B66152C345}.Debug|Any CPU.ActiveCfg = Debug|Any CPU
		{4A3BD6AC-A7BA-4B92-A4E6-F7B66152C345}.Debug|Any CPU.Build.0 = Debug|Any CPU
		{4A3BD6AC-A7BA-4B92-A4E6-F7B66152C345}.Debug|x64.ActiveCfg = Debug|Any CPU
		{4A3BD6AC-A7BA-4B92-A4E6-F7B66152C345}.Debug|x64.Build.0 = Debug|Any CPU
		{4A3BD6AC-A7BA-4B92-A4E6-F7B66152C345}.Debug|x86.ActiveCfg = Debug|Any CPU
		{4A3BD6AC-A7BA-4B92-A4E6-F7B66152C345}.Debug|x86.Build.0 = Debug|Any CPU
		{4A3BD6AC-A7BA-4B92-A4E6-F7B66152C345}.Release|Any CPU.ActiveCfg = Release|Any CPU
		{4A3BD6AC-A7BA-4B92-A4E6-F7B66152C345}.Release|Any CPU.Build.0 = Release|Any CPU
		{4A3BD6AC-A7BA-4B92-A4E6-F7B66152C345}.Release|x64.ActiveCfg = Release|Any CPU
		{4A3BD6AC-A7BA-4B92-A4E6-F7B66152C345}.Release|x64.Build.0 = Release|Any CPU
		{4A3BD6AC-A7BA-4B92-A4E6-F7B66152C345}.Release|x86.ActiveCfg = Release|Any CPU
		{4A3BD6AC-A7BA-4B92-A4E6-F7B66152C345}.Release|x86.Build.0 = Release|Any CPU
		{E4A19934-8709-4B3B-A3C5-8E20A3A0F832}.Debug|Any CPU.ActiveCfg = Debug|Any CPU
		{E4A19934-8709-4B3B-A3C5-8E20A3A0F832}.Debug|Any CPU.Build.0 = Debug|Any CPU
		{E4A19934-8709-4B3B-A3C5-8E20A3A0F832}.Debug|x64.ActiveCfg = Debug|Any CPU
		{E4A19934-8709-4B3B-A3C5-8E20A3A0F832}.Debug|x64.Build.0 = Debug|Any CPU
		{E4A19934-8709-4B3B-A3C5-8E20A3A0F832}.Debug|x86.ActiveCfg = Debug|Any CPU
		{E4A19934-8709-4B3B-A3C5-8E20A3A0F832}.Debug|x86.Build.0 = Debug|Any CPU
		{E4A19934-8709-4B3B-A3C5-8E20A3A0F832}.Release|Any CPU.ActiveCfg = Release|Any CPU
		{E4A19934-8709-4B3B-A3C5-8E20A3A0F832}.Release|Any CPU.Build.0 = Release|Any CPU
		{E4A19934-8709-4B3B-A3C5-8E20A3A0F832}.Release|x64.ActiveCfg = Release|Any CPU
		{E4A19934-8709-4B3B-A3C5-8E20A3A0F832}.Release|x64.Build.0 = Release|Any CPU
		{E4A19934-8709-4B3B-A3C5-8E20A3A0F832}.Release|x86.ActiveCfg = Release|Any CPU
		{E4A19934-8709-4B3B-A3C5-8E20A3A0F832}.Release|x86.Build.0 = Release|Any CPU
		{781EB43F-5F2F-464F-9715-C1621E9844DF}.Debug|Any CPU.ActiveCfg = Debug|Any CPU
		{781EB43F-5F2F-464F-9715-C1621E9844DF}.Debug|Any CPU.Build.0 = Debug|Any CPU
		{781EB43F-5F2F-464F-9715-C1621E9844DF}.Debug|x64.ActiveCfg = Debug|Any CPU
		{781EB43F-5F2F-464F-9715-C1621E9844DF}.Debug|x64.Build.0 = Debug|Any CPU
		{781EB43F-5F2F-464F-9715-C1621E9844DF}.Debug|x86.ActiveCfg = Debug|Any CPU
		{781EB43F-5F2F-464F-9715-C1621E9844DF}.Debug|x86.Build.0 = Debug|Any CPU
		{781EB43F-5F2F-464F-9715-C1621E9844DF}.Release|Any CPU.ActiveCfg = Release|Any CPU
		{781EB43F-5F2F-464F-9715-C1621E9844DF}.Release|Any CPU.Build.0 = Release|Any CPU
		{781EB43F-5F2F-464F-9715-C1621E9844DF}.Release|x64.ActiveCfg = Release|Any CPU
		{781EB43F-5F2F-464F-9715-C1621E9844DF}.Release|x64.Build.0 = Release|Any CPU
		{781EB43F-5F2F-464F-9715-C1621E9844DF}.Release|x86.ActiveCfg = Release|Any CPU
		{781EB43F-5F2F-464F-9715-C1621E9844DF}.Release|x86.Build.0 = Release|Any CPU
		{5DDF94A2-5655-404E-9869-0CED1DFD47C2}.Debug|Any CPU.ActiveCfg = Debug|Any CPU
		{5DDF94A2-5655-404E-9869-0CED1DFD47C2}.Debug|Any CPU.Build.0 = Debug|Any CPU
		{5DDF94A2-5655-404E-9869-0CED1DFD47C2}.Debug|x64.ActiveCfg = Debug|Any CPU
		{5DDF94A2-5655-404E-9869-0CED1DFD47C2}.Debug|x64.Build.0 = Debug|Any CPU
		{5DDF94A2-5655-404E-9869-0CED1DFD47C2}.Debug|x86.ActiveCfg = Debug|Any CPU
		{5DDF94A2-5655-404E-9869-0CED1DFD47C2}.Debug|x86.Build.0 = Debug|Any CPU
		{5DDF94A2-5655-404E-9869-0CED1DFD47C2}.Release|Any CPU.ActiveCfg = Release|Any CPU
		{5DDF94A2-5655-404E-9869-0CED1DFD47C2}.Release|Any CPU.Build.0 = Release|Any CPU
		{5DDF94A2-5655-404E-9869-0CED1DFD47C2}.Release|x64.ActiveCfg = Release|Any CPU
		{5DDF94A2-5655-404E-9869-0CED1DFD47C2}.Release|x64.Build.0 = Release|Any CPU
		{5DDF94A2-5655-404E-9869-0CED1DFD47C2}.Release|x86.ActiveCfg = Release|Any CPU
		{5DDF94A2-5655-404E-9869-0CED1DFD47C2}.Release|x86.Build.0 = Release|Any CPU
		{3A0DC64C-D779-4347-9313-C1D4C07A0213}.Debug|Any CPU.ActiveCfg = Debug|Any CPU
		{3A0DC64C-D779-4347-9313-C1D4C07A0213}.Debug|Any CPU.Build.0 = Debug|Any CPU
		{3A0DC64C-D779-4347-9313-C1D4C07A0213}.Debug|x64.ActiveCfg = Debug|Any CPU
		{3A0DC64C-D779-4347-9313-C1D4C07A0213}.Debug|x64.Build.0 = Debug|Any CPU
		{3A0DC64C-D779-4347-9313-C1D4C07A0213}.Debug|x86.ActiveCfg = Debug|Any CPU
		{3A0DC64C-D779-4347-9313-C1D4C07A0213}.Debug|x86.Build.0 = Debug|Any CPU
		{3A0DC64C-D779-4347-9313-C1D4C07A0213}.Release|Any CPU.ActiveCfg = Release|Any CPU
		{3A0DC64C-D779-4347-9313-C1D4C07A0213}.Release|Any CPU.Build.0 = Release|Any CPU
		{3A0DC64C-D779-4347-9313-C1D4C07A0213}.Release|x64.ActiveCfg = Release|Any CPU
		{3A0DC64C-D779-4347-9313-C1D4C07A0213}.Release|x64.Build.0 = Release|Any CPU
		{3A0DC64C-D779-4347-9313-C1D4C07A0213}.Release|x86.ActiveCfg = Release|Any CPU
		{3A0DC64C-D779-4347-9313-C1D4C07A0213}.Release|x86.Build.0 = Release|Any CPU
		{C225136D-F75B-4530-9991-CCBCF05A2EFE}.Debug|Any CPU.ActiveCfg = Debug|Any CPU
		{C225136D-F75B-4530-9991-CCBCF05A2EFE}.Debug|Any CPU.Build.0 = Debug|Any CPU
		{C225136D-F75B-4530-9991-CCBCF05A2EFE}.Debug|x64.ActiveCfg = Debug|Any CPU
		{C225136D-F75B-4530-9991-CCBCF05A2EFE}.Debug|x64.Build.0 = Debug|Any CPU
		{C225136D-F75B-4530-9991-CCBCF05A2EFE}.Debug|x86.ActiveCfg = Debug|Any CPU
		{C225136D-F75B-4530-9991-CCBCF05A2EFE}.Debug|x86.Build.0 = Debug|Any CPU
		{C225136D-F75B-4530-9991-CCBCF05A2EFE}.Release|Any CPU.ActiveCfg = Release|Any CPU
		{C225136D-F75B-4530-9991-CCBCF05A2EFE}.Release|Any CPU.Build.0 = Release|Any CPU
		{C225136D-F75B-4530-9991-CCBCF05A2EFE}.Release|x64.ActiveCfg = Release|Any CPU
		{C225136D-F75B-4530-9991-CCBCF05A2EFE}.Release|x64.Build.0 = Release|Any CPU
		{C225136D-F75B-4530-9991-CCBCF05A2EFE}.Release|x86.ActiveCfg = Release|Any CPU
		{C225136D-F75B-4530-9991-CCBCF05A2EFE}.Release|x86.Build.0 = Release|Any CPU
		{98B4189B-7853-4FE5-9966-71D857F5D3BC}.Debug|Any CPU.ActiveCfg = Debug|Any CPU
		{98B4189B-7853-4FE5-9966-71D857F5D3BC}.Debug|Any CPU.Build.0 = Debug|Any CPU
		{98B4189B-7853-4FE5-9966-71D857F5D3BC}.Debug|x64.ActiveCfg = Debug|Any CPU
		{98B4189B-7853-4FE5-9966-71D857F5D3BC}.Debug|x64.Build.0 = Debug|Any CPU
		{98B4189B-7853-4FE5-9966-71D857F5D3BC}.Debug|x86.ActiveCfg = Debug|Any CPU
		{98B4189B-7853-4FE5-9966-71D857F5D3BC}.Debug|x86.Build.0 = Debug|Any CPU
		{98B4189B-7853-4FE5-9966-71D857F5D3BC}.Release|Any CPU.ActiveCfg = Release|Any CPU
		{98B4189B-7853-4FE5-9966-71D857F5D3BC}.Release|Any CPU.Build.0 = Release|Any CPU
		{98B4189B-7853-4FE5-9966-71D857F5D3BC}.Release|x64.ActiveCfg = Release|Any CPU
		{98B4189B-7853-4FE5-9966-71D857F5D3BC}.Release|x64.Build.0 = Release|Any CPU
		{98B4189B-7853-4FE5-9966-71D857F5D3BC}.Release|x86.ActiveCfg = Release|Any CPU
		{98B4189B-7853-4FE5-9966-71D857F5D3BC}.Release|x86.Build.0 = Release|Any CPU
		{B89D4DA7-5A6A-4086-ACAF-623C9B9BEE45}.Debug|Any CPU.ActiveCfg = Debug|Any CPU
		{B89D4DA7-5A6A-4086-ACAF-623C9B9BEE45}.Debug|Any CPU.Build.0 = Debug|Any CPU
		{B89D4DA7-5A6A-4086-ACAF-623C9B9BEE45}.Debug|x64.ActiveCfg = Debug|Any CPU
		{B89D4DA7-5A6A-4086-ACAF-623C9B9BEE45}.Debug|x64.Build.0 = Debug|Any CPU
		{B89D4DA7-5A6A-4086-ACAF-623C9B9BEE45}.Debug|x86.ActiveCfg = Debug|Any CPU
		{B89D4DA7-5A6A-4086-ACAF-623C9B9BEE45}.Debug|x86.Build.0 = Debug|Any CPU
		{B89D4DA7-5A6A-4086-ACAF-623C9B9BEE45}.Release|Any CPU.ActiveCfg = Release|Any CPU
		{B89D4DA7-5A6A-4086-ACAF-623C9B9BEE45}.Release|Any CPU.Build.0 = Release|Any CPU
		{B89D4DA7-5A6A-4086-ACAF-623C9B9BEE45}.Release|x64.ActiveCfg = Release|Any CPU
		{B89D4DA7-5A6A-4086-ACAF-623C9B9BEE45}.Release|x64.Build.0 = Release|Any CPU
		{B89D4DA7-5A6A-4086-ACAF-623C9B9BEE45}.Release|x86.ActiveCfg = Release|Any CPU
		{B89D4DA7-5A6A-4086-ACAF-623C9B9BEE45}.Release|x86.Build.0 = Release|Any CPU
		{591E2734-A324-4FEB-A8F6-8FA57A9AE112}.Debug|Any CPU.ActiveCfg = Debug|Any CPU
		{591E2734-A324-4FEB-A8F6-8FA57A9AE112}.Debug|Any CPU.Build.0 = Debug|Any CPU
		{591E2734-A324-4FEB-A8F6-8FA57A9AE112}.Debug|x64.ActiveCfg = Debug|Any CPU
		{591E2734-A324-4FEB-A8F6-8FA57A9AE112}.Debug|x64.Build.0 = Debug|Any CPU
		{591E2734-A324-4FEB-A8F6-8FA57A9AE112}.Debug|x86.ActiveCfg = Debug|Any CPU
		{591E2734-A324-4FEB-A8F6-8FA57A9AE112}.Debug|x86.Build.0 = Debug|Any CPU
		{591E2734-A324-4FEB-A8F6-8FA57A9AE112}.Release|Any CPU.ActiveCfg = Release|Any CPU
		{591E2734-A324-4FEB-A8F6-8FA57A9AE112}.Release|Any CPU.Build.0 = Release|Any CPU
		{591E2734-A324-4FEB-A8F6-8FA57A9AE112}.Release|x64.ActiveCfg = Release|Any CPU
		{591E2734-A324-4FEB-A8F6-8FA57A9AE112}.Release|x64.Build.0 = Release|Any CPU
		{591E2734-A324-4FEB-A8F6-8FA57A9AE112}.Release|x86.ActiveCfg = Release|Any CPU
		{591E2734-A324-4FEB-A8F6-8FA57A9AE112}.Release|x86.Build.0 = Release|Any CPU
		{BDA34865-56F7-4A4A-A384-C179E49DFC9C}.Debug|Any CPU.ActiveCfg = Debug|Any CPU
		{BDA34865-56F7-4A4A-A384-C179E49DFC9C}.Debug|Any CPU.Build.0 = Debug|Any CPU
		{BDA34865-56F7-4A4A-A384-C179E49DFC9C}.Debug|x64.ActiveCfg = Debug|Any CPU
		{BDA34865-56F7-4A4A-A384-C179E49DFC9C}.Debug|x64.Build.0 = Debug|Any CPU
		{BDA34865-56F7-4A4A-A384-C179E49DFC9C}.Debug|x86.ActiveCfg = Debug|Any CPU
		{BDA34865-56F7-4A4A-A384-C179E49DFC9C}.Debug|x86.Build.0 = Debug|Any CPU
		{BDA34865-56F7-4A4A-A384-C179E49DFC9C}.Release|Any CPU.ActiveCfg = Release|Any CPU
		{BDA34865-56F7-4A4A-A384-C179E49DFC9C}.Release|Any CPU.Build.0 = Release|Any CPU
		{BDA34865-56F7-4A4A-A384-C179E49DFC9C}.Release|x64.ActiveCfg = Release|Any CPU
		{BDA34865-56F7-4A4A-A384-C179E49DFC9C}.Release|x64.Build.0 = Release|Any CPU
		{BDA34865-56F7-4A4A-A384-C179E49DFC9C}.Release|x86.ActiveCfg = Release|Any CPU
		{BDA34865-56F7-4A4A-A384-C179E49DFC9C}.Release|x86.Build.0 = Release|Any CPU
		{3A3C1BD5-941C-4FF4-8934-30EB1EACC8F2}.Debug|Any CPU.ActiveCfg = Debug|Any CPU
		{3A3C1BD5-941C-4FF4-8934-30EB1EACC8F2}.Debug|Any CPU.Build.0 = Debug|Any CPU
		{3A3C1BD5-941C-4FF4-8934-30EB1EACC8F2}.Debug|x64.ActiveCfg = Debug|Any CPU
		{3A3C1BD5-941C-4FF4-8934-30EB1EACC8F2}.Debug|x64.Build.0 = Debug|Any CPU
		{3A3C1BD5-941C-4FF4-8934-30EB1EACC8F2}.Debug|x86.ActiveCfg = Debug|Any CPU
		{3A3C1BD5-941C-4FF4-8934-30EB1EACC8F2}.Debug|x86.Build.0 = Debug|Any CPU
		{3A3C1BD5-941C-4FF4-8934-30EB1EACC8F2}.Release|Any CPU.ActiveCfg = Release|Any CPU
		{3A3C1BD5-941C-4FF4-8934-30EB1EACC8F2}.Release|Any CPU.Build.0 = Release|Any CPU
		{3A3C1BD5-941C-4FF4-8934-30EB1EACC8F2}.Release|x64.ActiveCfg = Release|Any CPU
		{3A3C1BD5-941C-4FF4-8934-30EB1EACC8F2}.Release|x64.Build.0 = Release|Any CPU
		{3A3C1BD5-941C-4FF4-8934-30EB1EACC8F2}.Release|x86.ActiveCfg = Release|Any CPU
		{3A3C1BD5-941C-4FF4-8934-30EB1EACC8F2}.Release|x86.Build.0 = Release|Any CPU
		{A50B20F9-E009-4774-90AA-25C26F307D77}.Debug|Any CPU.ActiveCfg = Debug|Any CPU
		{A50B20F9-E009-4774-90AA-25C26F307D77}.Debug|Any CPU.Build.0 = Debug|Any CPU
		{A50B20F9-E009-4774-90AA-25C26F307D77}.Debug|x64.ActiveCfg = Debug|Any CPU
		{A50B20F9-E009-4774-90AA-25C26F307D77}.Debug|x64.Build.0 = Debug|Any CPU
		{A50B20F9-E009-4774-90AA-25C26F307D77}.Debug|x86.ActiveCfg = Debug|Any CPU
		{A50B20F9-E009-4774-90AA-25C26F307D77}.Debug|x86.Build.0 = Debug|Any CPU
		{A50B20F9-E009-4774-90AA-25C26F307D77}.Release|Any CPU.ActiveCfg = Release|Any CPU
		{A50B20F9-E009-4774-90AA-25C26F307D77}.Release|Any CPU.Build.0 = Release|Any CPU
		{A50B20F9-E009-4774-90AA-25C26F307D77}.Release|x64.ActiveCfg = Release|Any CPU
		{A50B20F9-E009-4774-90AA-25C26F307D77}.Release|x64.Build.0 = Release|Any CPU
		{A50B20F9-E009-4774-90AA-25C26F307D77}.Release|x86.ActiveCfg = Release|Any CPU
		{A50B20F9-E009-4774-90AA-25C26F307D77}.Release|x86.Build.0 = Release|Any CPU
		{84FF7DEA-23AC-407C-AEAB-5D567C5855E1}.Debug|Any CPU.ActiveCfg = Debug|Any CPU
		{84FF7DEA-23AC-407C-AEAB-5D567C5855E1}.Debug|Any CPU.Build.0 = Debug|Any CPU
		{84FF7DEA-23AC-407C-AEAB-5D567C5855E1}.Debug|x64.ActiveCfg = Debug|Any CPU
		{84FF7DEA-23AC-407C-AEAB-5D567C5855E1}.Debug|x64.Build.0 = Debug|Any CPU
		{84FF7DEA-23AC-407C-AEAB-5D567C5855E1}.Debug|x86.ActiveCfg = Debug|Any CPU
		{84FF7DEA-23AC-407C-AEAB-5D567C5855E1}.Debug|x86.Build.0 = Debug|Any CPU
		{84FF7DEA-23AC-407C-AEAB-5D567C5855E1}.Release|Any CPU.ActiveCfg = Release|Any CPU
		{84FF7DEA-23AC-407C-AEAB-5D567C5855E1}.Release|Any CPU.Build.0 = Release|Any CPU
		{84FF7DEA-23AC-407C-AEAB-5D567C5855E1}.Release|x64.ActiveCfg = Release|Any CPU
		{84FF7DEA-23AC-407C-AEAB-5D567C5855E1}.Release|x64.Build.0 = Release|Any CPU
		{84FF7DEA-23AC-407C-AEAB-5D567C5855E1}.Release|x86.ActiveCfg = Release|Any CPU
		{84FF7DEA-23AC-407C-AEAB-5D567C5855E1}.Release|x86.Build.0 = Release|Any CPU
		{4D626FE8-D7E4-48C1-9570-7180485B21BD}.Debug|Any CPU.ActiveCfg = Debug|Any CPU
		{4D626FE8-D7E4-48C1-9570-7180485B21BD}.Debug|Any CPU.Build.0 = Debug|Any CPU
		{4D626FE8-D7E4-48C1-9570-7180485B21BD}.Debug|x64.ActiveCfg = Debug|Any CPU
		{4D626FE8-D7E4-48C1-9570-7180485B21BD}.Debug|x64.Build.0 = Debug|Any CPU
		{4D626FE8-D7E4-48C1-9570-7180485B21BD}.Debug|x86.ActiveCfg = Debug|Any CPU
		{4D626FE8-D7E4-48C1-9570-7180485B21BD}.Debug|x86.Build.0 = Debug|Any CPU
		{4D626FE8-D7E4-48C1-9570-7180485B21BD}.Release|Any CPU.ActiveCfg = Release|Any CPU
		{4D626FE8-D7E4-48C1-9570-7180485B21BD}.Release|Any CPU.Build.0 = Release|Any CPU
		{4D626FE8-D7E4-48C1-9570-7180485B21BD}.Release|x64.ActiveCfg = Release|Any CPU
		{4D626FE8-D7E4-48C1-9570-7180485B21BD}.Release|x64.Build.0 = Release|Any CPU
		{4D626FE8-D7E4-48C1-9570-7180485B21BD}.Release|x86.ActiveCfg = Release|Any CPU
		{4D626FE8-D7E4-48C1-9570-7180485B21BD}.Release|x86.Build.0 = Release|Any CPU
		{35C2AC1F-BD8B-4959-9B29-BE5B7C2A4C29}.Debug|Any CPU.ActiveCfg = Debug|Any CPU
		{35C2AC1F-BD8B-4959-9B29-BE5B7C2A4C29}.Debug|Any CPU.Build.0 = Debug|Any CPU
		{35C2AC1F-BD8B-4959-9B29-BE5B7C2A4C29}.Debug|x64.ActiveCfg = Debug|Any CPU
		{35C2AC1F-BD8B-4959-9B29-BE5B7C2A4C29}.Debug|x64.Build.0 = Debug|Any CPU
		{35C2AC1F-BD8B-4959-9B29-BE5B7C2A4C29}.Debug|x86.ActiveCfg = Debug|Any CPU
		{35C2AC1F-BD8B-4959-9B29-BE5B7C2A4C29}.Debug|x86.Build.0 = Debug|Any CPU
		{35C2AC1F-BD8B-4959-9B29-BE5B7C2A4C29}.Release|Any CPU.ActiveCfg = Release|Any CPU
		{35C2AC1F-BD8B-4959-9B29-BE5B7C2A4C29}.Release|Any CPU.Build.0 = Release|Any CPU
		{35C2AC1F-BD8B-4959-9B29-BE5B7C2A4C29}.Release|x64.ActiveCfg = Release|Any CPU
		{35C2AC1F-BD8B-4959-9B29-BE5B7C2A4C29}.Release|x64.Build.0 = Release|Any CPU
		{35C2AC1F-BD8B-4959-9B29-BE5B7C2A4C29}.Release|x86.ActiveCfg = Release|Any CPU
		{35C2AC1F-BD8B-4959-9B29-BE5B7C2A4C29}.Release|x86.Build.0 = Release|Any CPU
		{2411BC36-8A38-437C-AD9E-5F55701DA7B9}.Debug|Any CPU.ActiveCfg = Debug|Any CPU
		{2411BC36-8A38-437C-AD9E-5F55701DA7B9}.Debug|Any CPU.Build.0 = Debug|Any CPU
		{2411BC36-8A38-437C-AD9E-5F55701DA7B9}.Debug|x64.ActiveCfg = Debug|Any CPU
		{2411BC36-8A38-437C-AD9E-5F55701DA7B9}.Debug|x64.Build.0 = Debug|Any CPU
		{2411BC36-8A38-437C-AD9E-5F55701DA7B9}.Debug|x86.ActiveCfg = Debug|Any CPU
		{2411BC36-8A38-437C-AD9E-5F55701DA7B9}.Debug|x86.Build.0 = Debug|Any CPU
		{2411BC36-8A38-437C-AD9E-5F55701DA7B9}.Release|Any CPU.ActiveCfg = Release|Any CPU
		{2411BC36-8A38-437C-AD9E-5F55701DA7B9}.Release|Any CPU.Build.0 = Release|Any CPU
		{2411BC36-8A38-437C-AD9E-5F55701DA7B9}.Release|x64.ActiveCfg = Release|Any CPU
		{2411BC36-8A38-437C-AD9E-5F55701DA7B9}.Release|x64.Build.0 = Release|Any CPU
		{2411BC36-8A38-437C-AD9E-5F55701DA7B9}.Release|x86.ActiveCfg = Release|Any CPU
		{2411BC36-8A38-437C-AD9E-5F55701DA7B9}.Release|x86.Build.0 = Release|Any CPU
		{0F521D85-39CA-4CEC-B0F1-7A490A2847D3}.Debug|Any CPU.ActiveCfg = Debug|Any CPU
		{0F521D85-39CA-4CEC-B0F1-7A490A2847D3}.Debug|Any CPU.Build.0 = Debug|Any CPU
		{0F521D85-39CA-4CEC-B0F1-7A490A2847D3}.Debug|x64.ActiveCfg = Debug|Any CPU
		{0F521D85-39CA-4CEC-B0F1-7A490A2847D3}.Debug|x64.Build.0 = Debug|Any CPU
		{0F521D85-39CA-4CEC-B0F1-7A490A2847D3}.Debug|x86.ActiveCfg = Debug|Any CPU
		{0F521D85-39CA-4CEC-B0F1-7A490A2847D3}.Debug|x86.Build.0 = Debug|Any CPU
		{0F521D85-39CA-4CEC-B0F1-7A490A2847D3}.Release|Any CPU.ActiveCfg = Release|Any CPU
		{0F521D85-39CA-4CEC-B0F1-7A490A2847D3}.Release|Any CPU.Build.0 = Release|Any CPU
		{0F521D85-39CA-4CEC-B0F1-7A490A2847D3}.Release|x64.ActiveCfg = Release|Any CPU
		{0F521D85-39CA-4CEC-B0F1-7A490A2847D3}.Release|x64.Build.0 = Release|Any CPU
		{0F521D85-39CA-4CEC-B0F1-7A490A2847D3}.Release|x86.ActiveCfg = Release|Any CPU
		{0F521D85-39CA-4CEC-B0F1-7A490A2847D3}.Release|x86.Build.0 = Release|Any CPU
		{5C1279AF-DA48-4D52-83D0-724924301103}.Debug|Any CPU.ActiveCfg = Debug|Any CPU
		{5C1279AF-DA48-4D52-83D0-724924301103}.Debug|Any CPU.Build.0 = Debug|Any CPU
		{5C1279AF-DA48-4D52-83D0-724924301103}.Debug|x64.ActiveCfg = Debug|Any CPU
		{5C1279AF-DA48-4D52-83D0-724924301103}.Debug|x64.Build.0 = Debug|Any CPU
		{5C1279AF-DA48-4D52-83D0-724924301103}.Debug|x86.ActiveCfg = Debug|Any CPU
		{5C1279AF-DA48-4D52-83D0-724924301103}.Debug|x86.Build.0 = Debug|Any CPU
		{5C1279AF-DA48-4D52-83D0-724924301103}.Release|Any CPU.ActiveCfg = Release|Any CPU
		{5C1279AF-DA48-4D52-83D0-724924301103}.Release|Any CPU.Build.0 = Release|Any CPU
		{5C1279AF-DA48-4D52-83D0-724924301103}.Release|x64.ActiveCfg = Release|Any CPU
		{5C1279AF-DA48-4D52-83D0-724924301103}.Release|x64.Build.0 = Release|Any CPU
		{5C1279AF-DA48-4D52-83D0-724924301103}.Release|x86.ActiveCfg = Release|Any CPU
		{5C1279AF-DA48-4D52-83D0-724924301103}.Release|x86.Build.0 = Release|Any CPU
		{8BF10CFD-A769-4A87-82B9-A82BFC81DDFF}.Debug|Any CPU.ActiveCfg = Debug|Any CPU
		{8BF10CFD-A769-4A87-82B9-A82BFC81DDFF}.Debug|Any CPU.Build.0 = Debug|Any CPU
		{8BF10CFD-A769-4A87-82B9-A82BFC81DDFF}.Debug|x64.ActiveCfg = Debug|Any CPU
		{8BF10CFD-A769-4A87-82B9-A82BFC81DDFF}.Debug|x64.Build.0 = Debug|Any CPU
		{8BF10CFD-A769-4A87-82B9-A82BFC81DDFF}.Debug|x86.ActiveCfg = Debug|Any CPU
		{8BF10CFD-A769-4A87-82B9-A82BFC81DDFF}.Debug|x86.Build.0 = Debug|Any CPU
		{8BF10CFD-A769-4A87-82B9-A82BFC81DDFF}.Release|Any CPU.ActiveCfg = Release|Any CPU
		{8BF10CFD-A769-4A87-82B9-A82BFC81DDFF}.Release|Any CPU.Build.0 = Release|Any CPU
		{8BF10CFD-A769-4A87-82B9-A82BFC81DDFF}.Release|x64.ActiveCfg = Release|Any CPU
		{8BF10CFD-A769-4A87-82B9-A82BFC81DDFF}.Release|x64.Build.0 = Release|Any CPU
		{8BF10CFD-A769-4A87-82B9-A82BFC81DDFF}.Release|x86.ActiveCfg = Release|Any CPU
		{8BF10CFD-A769-4A87-82B9-A82BFC81DDFF}.Release|x86.Build.0 = Release|Any CPU
		{902D0B73-CC14-4DE9-9526-15840FC4FA9E}.Debug|Any CPU.ActiveCfg = Debug|Any CPU
		{902D0B73-CC14-4DE9-9526-15840FC4FA9E}.Debug|Any CPU.Build.0 = Debug|Any CPU
		{902D0B73-CC14-4DE9-9526-15840FC4FA9E}.Debug|x64.ActiveCfg = Debug|Any CPU
		{902D0B73-CC14-4DE9-9526-15840FC4FA9E}.Debug|x64.Build.0 = Debug|Any CPU
		{902D0B73-CC14-4DE9-9526-15840FC4FA9E}.Debug|x86.ActiveCfg = Debug|Any CPU
		{902D0B73-CC14-4DE9-9526-15840FC4FA9E}.Debug|x86.Build.0 = Debug|Any CPU
		{902D0B73-CC14-4DE9-9526-15840FC4FA9E}.Release|Any CPU.ActiveCfg = Release|Any CPU
		{902D0B73-CC14-4DE9-9526-15840FC4FA9E}.Release|Any CPU.Build.0 = Release|Any CPU
		{902D0B73-CC14-4DE9-9526-15840FC4FA9E}.Release|x64.ActiveCfg = Release|Any CPU
		{902D0B73-CC14-4DE9-9526-15840FC4FA9E}.Release|x64.Build.0 = Release|Any CPU
		{902D0B73-CC14-4DE9-9526-15840FC4FA9E}.Release|x86.ActiveCfg = Release|Any CPU
		{902D0B73-CC14-4DE9-9526-15840FC4FA9E}.Release|x86.Build.0 = Release|Any CPU
		{737372BA-4635-42F1-9132-4B4372D7504F}.Debug|Any CPU.ActiveCfg = Debug|Any CPU
		{737372BA-4635-42F1-9132-4B4372D7504F}.Debug|Any CPU.Build.0 = Debug|Any CPU
		{737372BA-4635-42F1-9132-4B4372D7504F}.Debug|x64.ActiveCfg = Debug|Any CPU
		{737372BA-4635-42F1-9132-4B4372D7504F}.Debug|x64.Build.0 = Debug|Any CPU
		{737372BA-4635-42F1-9132-4B4372D7504F}.Debug|x86.ActiveCfg = Debug|Any CPU
		{737372BA-4635-42F1-9132-4B4372D7504F}.Debug|x86.Build.0 = Debug|Any CPU
		{737372BA-4635-42F1-9132-4B4372D7504F}.Release|Any CPU.ActiveCfg = Release|Any CPU
		{737372BA-4635-42F1-9132-4B4372D7504F}.Release|Any CPU.Build.0 = Release|Any CPU
		{737372BA-4635-42F1-9132-4B4372D7504F}.Release|x64.ActiveCfg = Release|Any CPU
		{737372BA-4635-42F1-9132-4B4372D7504F}.Release|x64.Build.0 = Release|Any CPU
		{737372BA-4635-42F1-9132-4B4372D7504F}.Release|x86.ActiveCfg = Release|Any CPU
		{737372BA-4635-42F1-9132-4B4372D7504F}.Release|x86.Build.0 = Release|Any CPU
		{2BAD52B2-3666-4490-97F5-B44F650BFC6A}.Debug|Any CPU.ActiveCfg = Debug|Any CPU
		{2BAD52B2-3666-4490-97F5-B44F650BFC6A}.Debug|Any CPU.Build.0 = Debug|Any CPU
		{2BAD52B2-3666-4490-97F5-B44F650BFC6A}.Debug|x64.ActiveCfg = Debug|Any CPU
		{2BAD52B2-3666-4490-97F5-B44F650BFC6A}.Debug|x64.Build.0 = Debug|Any CPU
		{2BAD52B2-3666-4490-97F5-B44F650BFC6A}.Debug|x86.ActiveCfg = Debug|Any CPU
		{2BAD52B2-3666-4490-97F5-B44F650BFC6A}.Debug|x86.Build.0 = Debug|Any CPU
		{2BAD52B2-3666-4490-97F5-B44F650BFC6A}.Release|Any CPU.ActiveCfg = Release|Any CPU
		{2BAD52B2-3666-4490-97F5-B44F650BFC6A}.Release|Any CPU.Build.0 = Release|Any CPU
		{2BAD52B2-3666-4490-97F5-B44F650BFC6A}.Release|x64.ActiveCfg = Release|Any CPU
		{2BAD52B2-3666-4490-97F5-B44F650BFC6A}.Release|x64.Build.0 = Release|Any CPU
		{2BAD52B2-3666-4490-97F5-B44F650BFC6A}.Release|x86.ActiveCfg = Release|Any CPU
		{2BAD52B2-3666-4490-97F5-B44F650BFC6A}.Release|x86.Build.0 = Release|Any CPU
		{90498F22-D4C5-49EC-8FD9-C1DA4FCA9C5C}.Debug|Any CPU.ActiveCfg = Debug|Any CPU
		{90498F22-D4C5-49EC-8FD9-C1DA4FCA9C5C}.Debug|Any CPU.Build.0 = Debug|Any CPU
		{90498F22-D4C5-49EC-8FD9-C1DA4FCA9C5C}.Debug|x64.ActiveCfg = Debug|Any CPU
		{90498F22-D4C5-49EC-8FD9-C1DA4FCA9C5C}.Debug|x64.Build.0 = Debug|Any CPU
		{90498F22-D4C5-49EC-8FD9-C1DA4FCA9C5C}.Debug|x86.ActiveCfg = Debug|Any CPU
		{90498F22-D4C5-49EC-8FD9-C1DA4FCA9C5C}.Debug|x86.Build.0 = Debug|Any CPU
		{90498F22-D4C5-49EC-8FD9-C1DA4FCA9C5C}.Release|Any CPU.ActiveCfg = Release|Any CPU
		{90498F22-D4C5-49EC-8FD9-C1DA4FCA9C5C}.Release|Any CPU.Build.0 = Release|Any CPU
		{90498F22-D4C5-49EC-8FD9-C1DA4FCA9C5C}.Release|x64.ActiveCfg = Release|Any CPU
		{90498F22-D4C5-49EC-8FD9-C1DA4FCA9C5C}.Release|x64.Build.0 = Release|Any CPU
		{90498F22-D4C5-49EC-8FD9-C1DA4FCA9C5C}.Release|x86.ActiveCfg = Release|Any CPU
		{90498F22-D4C5-49EC-8FD9-C1DA4FCA9C5C}.Release|x86.Build.0 = Release|Any CPU
		{88EF4C66-D958-4F65-BAD3-553E7A1CF370}.Debug|Any CPU.ActiveCfg = Debug|Any CPU
		{88EF4C66-D958-4F65-BAD3-553E7A1CF370}.Debug|Any CPU.Build.0 = Debug|Any CPU
		{88EF4C66-D958-4F65-BAD3-553E7A1CF370}.Debug|x64.ActiveCfg = Debug|Any CPU
		{88EF4C66-D958-4F65-BAD3-553E7A1CF370}.Debug|x64.Build.0 = Debug|Any CPU
		{88EF4C66-D958-4F65-BAD3-553E7A1CF370}.Debug|x86.ActiveCfg = Debug|Any CPU
		{88EF4C66-D958-4F65-BAD3-553E7A1CF370}.Debug|x86.Build.0 = Debug|Any CPU
		{88EF4C66-D958-4F65-BAD3-553E7A1CF370}.Release|Any CPU.ActiveCfg = Release|Any CPU
		{88EF4C66-D958-4F65-BAD3-553E7A1CF370}.Release|Any CPU.Build.0 = Release|Any CPU
		{88EF4C66-D958-4F65-BAD3-553E7A1CF370}.Release|x64.ActiveCfg = Release|Any CPU
		{88EF4C66-D958-4F65-BAD3-553E7A1CF370}.Release|x64.Build.0 = Release|Any CPU
		{88EF4C66-D958-4F65-BAD3-553E7A1CF370}.Release|x86.ActiveCfg = Release|Any CPU
		{88EF4C66-D958-4F65-BAD3-553E7A1CF370}.Release|x86.Build.0 = Release|Any CPU
		{55405FDF-F65E-4734-873C-FD85F835A4DD}.Debug|Any CPU.ActiveCfg = Debug|Any CPU
		{55405FDF-F65E-4734-873C-FD85F835A4DD}.Debug|x64.ActiveCfg = Debug|Any CPU
		{55405FDF-F65E-4734-873C-FD85F835A4DD}.Debug|x64.Build.0 = Debug|Any CPU
		{55405FDF-F65E-4734-873C-FD85F835A4DD}.Debug|x86.ActiveCfg = Debug|Any CPU
		{55405FDF-F65E-4734-873C-FD85F835A4DD}.Debug|x86.Build.0 = Debug|Any CPU
		{55405FDF-F65E-4734-873C-FD85F835A4DD}.Release|Any CPU.ActiveCfg = Release|Any CPU
		{55405FDF-F65E-4734-873C-FD85F835A4DD}.Release|Any CPU.Build.0 = Release|Any CPU
		{55405FDF-F65E-4734-873C-FD85F835A4DD}.Release|x64.ActiveCfg = Release|Any CPU
		{55405FDF-F65E-4734-873C-FD85F835A4DD}.Release|x64.Build.0 = Release|Any CPU
		{55405FDF-F65E-4734-873C-FD85F835A4DD}.Release|x86.ActiveCfg = Release|Any CPU
		{55405FDF-F65E-4734-873C-FD85F835A4DD}.Release|x86.Build.0 = Release|Any CPU
		{55405FDF-F65E-4734-873C-FD85F835A4DD}.Debug|Any CPU.Build.0 = Debug|Any CPU
		{205DF8F1-0F13-4C73-B393-98AD93E27319}.Debug|Any CPU.ActiveCfg = Debug|Any CPU
		{205DF8F1-0F13-4C73-B393-98AD93E27319}.Debug|Any CPU.Build.0 = Debug|Any CPU
		{205DF8F1-0F13-4C73-B393-98AD93E27319}.Debug|x64.ActiveCfg = Debug|Any CPU
		{205DF8F1-0F13-4C73-B393-98AD93E27319}.Debug|x64.Build.0 = Debug|Any CPU
		{205DF8F1-0F13-4C73-B393-98AD93E27319}.Debug|x86.ActiveCfg = Debug|Any CPU
		{205DF8F1-0F13-4C73-B393-98AD93E27319}.Debug|x86.Build.0 = Debug|Any CPU
		{205DF8F1-0F13-4C73-B393-98AD93E27319}.Release|Any CPU.ActiveCfg = Release|Any CPU
		{205DF8F1-0F13-4C73-B393-98AD93E27319}.Release|Any CPU.Build.0 = Release|Any CPU
		{205DF8F1-0F13-4C73-B393-98AD93E27319}.Release|x64.ActiveCfg = Release|Any CPU
		{205DF8F1-0F13-4C73-B393-98AD93E27319}.Release|x64.Build.0 = Release|Any CPU
		{205DF8F1-0F13-4C73-B393-98AD93E27319}.Release|x86.ActiveCfg = Release|Any CPU
		{205DF8F1-0F13-4C73-B393-98AD93E27319}.Release|x86.Build.0 = Release|Any CPU
	EndGlobalSection
	GlobalSection(SolutionProperties) = preSolution
		HideSolutionNode = FALSE
	EndGlobalSection
	GlobalSection(NestedProjects) = preSolution
		{B0E766C9-3563-453B-99CD-81F9591E4766} = {88E711F0-4BDC-457F-B09E-E3DD1A454191}
		{75A55804-6AF4-4517-8041-1EC42829893B} = {E05FC4A1-7127-4975-9B6E-D7B6A1C92A62}
		{3C6E537D-C8CC-43B4-A0AB-86B6414D30A6} = {88E711F0-4BDC-457F-B09E-E3DD1A454191}
		{CB0952A8-922C-418B-92C6-83C3AD2E292C} = {E05FC4A1-7127-4975-9B6E-D7B6A1C92A62}
		{D72197A8-FACF-4872-A0CB-0434C186D207} = {88E711F0-4BDC-457F-B09E-E3DD1A454191}
		{AACA7FF1-BE10-4514-A853-59860C2A8F1A} = {D72197A8-FACF-4872-A0CB-0434C186D207}
		{F1D81849-F29C-4230-B082-FDDA2409205A} = {D72197A8-FACF-4872-A0CB-0434C186D207}
		{CC0E3791-5F9E-420D-BC19-EB8A76A5F8FA} = {E05FC4A1-7127-4975-9B6E-D7B6A1C92A62}
		{3AAEF7AE-9B53-4221-8521-1F726AA56B45} = {88E711F0-4BDC-457F-B09E-E3DD1A454191}
		{AF12D90C-D8DF-40E3-B224-DEDF1CB219F9} = {E05FC4A1-7127-4975-9B6E-D7B6A1C92A62}
		{78ECBDE5-2E32-43F2-A823-342C07A5A96E} = {88E711F0-4BDC-457F-B09E-E3DD1A454191}
		{4A3BD6AC-A7BA-4B92-A4E6-F7B66152C345} = {E05FC4A1-7127-4975-9B6E-D7B6A1C92A62}
		{E4A19934-8709-4B3B-A3C5-8E20A3A0F832} = {88E711F0-4BDC-457F-B09E-E3DD1A454191}
		{781EB43F-5F2F-464F-9715-C1621E9844DF} = {88E711F0-4BDC-457F-B09E-E3DD1A454191}
		{5DDF94A2-5655-404E-9869-0CED1DFD47C2} = {E05FC4A1-7127-4975-9B6E-D7B6A1C92A62}
		{3A0DC64C-D779-4347-9313-C1D4C07A0213} = {88E711F0-4BDC-457F-B09E-E3DD1A454191}
		{C225136D-F75B-4530-9991-CCBCF05A2EFE} = {E05FC4A1-7127-4975-9B6E-D7B6A1C92A62}
		{98B4189B-7853-4FE5-9966-71D857F5D3BC} = {E05FC4A1-7127-4975-9B6E-D7B6A1C92A62}
		{B89D4DA7-5A6A-4086-ACAF-623C9B9BEE45} = {88E711F0-4BDC-457F-B09E-E3DD1A454191}
		{591E2734-A324-4FEB-A8F6-8FA57A9AE112} = {88E711F0-4BDC-457F-B09E-E3DD1A454191}
		{BDA34865-56F7-4A4A-A384-C179E49DFC9C} = {B1E1A313-676F-4EB6-8CAD-74AC18F59D4A}
		{3A3C1BD5-941C-4FF4-8934-30EB1EACC8F2} = {B1E1A313-676F-4EB6-8CAD-74AC18F59D4A}
		{A50B20F9-E009-4774-90AA-25C26F307D77} = {B1E1A313-676F-4EB6-8CAD-74AC18F59D4A}
		{84FF7DEA-23AC-407C-AEAB-5D567C5855E1} = {B1E1A313-676F-4EB6-8CAD-74AC18F59D4A}
		{4D626FE8-D7E4-48C1-9570-7180485B21BD} = {B1E1A313-676F-4EB6-8CAD-74AC18F59D4A}
		{35C2AC1F-BD8B-4959-9B29-BE5B7C2A4C29} = {B1E1A313-676F-4EB6-8CAD-74AC18F59D4A}
		{2411BC36-8A38-437C-AD9E-5F55701DA7B9} = {B1E1A313-676F-4EB6-8CAD-74AC18F59D4A}
		{0F521D85-39CA-4CEC-B0F1-7A490A2847D3} = {B1E1A313-676F-4EB6-8CAD-74AC18F59D4A}
		{5C1279AF-DA48-4D52-83D0-724924301103} = {B1E1A313-676F-4EB6-8CAD-74AC18F59D4A}
		{8BF10CFD-A769-4A87-82B9-A82BFC81DDFF} = {B1E1A313-676F-4EB6-8CAD-74AC18F59D4A}
		{902D0B73-CC14-4DE9-9526-15840FC4FA9E} = {B1E1A313-676F-4EB6-8CAD-74AC18F59D4A}
		{737372BA-4635-42F1-9132-4B4372D7504F} = {B1E1A313-676F-4EB6-8CAD-74AC18F59D4A}
		{2BAD52B2-3666-4490-97F5-B44F650BFC6A} = {B1E1A313-676F-4EB6-8CAD-74AC18F59D4A}
		{90498F22-D4C5-49EC-8FD9-C1DA4FCA9C5C} = {B1E1A313-676F-4EB6-8CAD-74AC18F59D4A}
		{88EF4C66-D958-4F65-BAD3-553E7A1CF370} = {B1E1A313-676F-4EB6-8CAD-74AC18F59D4A}
		{55405FDF-F65E-4734-873C-FD85F835A4DD} = {E05FC4A1-7127-4975-9B6E-D7B6A1C92A62}
		{205DF8F1-0F13-4C73-B393-98AD93E27319} = {E05FC4A1-7127-4975-9B6E-D7B6A1C92A62}
	EndGlobalSection
	GlobalSection(ExtensibilityGlobals) = postSolution
		SolutionGuid = {BFF5EC6D-D011-4045-B819-00636342C179}
	EndGlobalSection
EndGlobal
