
Microsoft Visual Studio Solution File, Format Version 12.00
# Visual Studio Version 17
VisualStudioVersion = 17.8.34330.188
MinimumVisualStudioVersion = 10.0.40219.1
Project("{9A19103F-16F7-4668-BE54-9A1E7A4F7556}") = "Willow.ExceptionHandling", "Willow.ExceptionHandling.csproj", "{51B1F977-5B99-4726-BE9F-1C581942374A}"
EndProject
Global
	GlobalSection(SolutionConfigurationPlatforms) = preSolution
		Debug|Any CPU = Debug|Any CPU
		Release|Any CPU = Release|Any CPU
	EndGlobalSection
	GlobalSection(ProjectConfigurationPlatforms) = postSolution
		{51B1F977-5B99-4726-BE9F-1C581942374A}.Debug|Any CPU.ActiveCfg = Debug|Any CPU
		{51B1F977-5B99-4726-BE9F-1C581942374A}.Debug|Any CPU.Build.0 = Debug|Any CPU
		{51B1F977-5B99-4726-BE9F-1C581942374A}.Release|Any CPU.ActiveCfg = Release|Any CPU
		{51B1F977-5B99-4726-BE9F-1C581942374A}.Release|Any CPU.Build.0 = Release|Any CPU
	EndGlobalSection
	GlobalSection(SolutionProperties) = preSolution
		HideSolutionNode = FALSE
	EndGlobalSection
	GlobalSection(ExtensibilityGlobals) = postSolution
		SolutionGuid = {D8F9221D-EBAD-4638-82A7-A4544D12EC0B}
	EndGlobalSection
EndGlobal
