
Microsoft Visual Studio Solution File, Format Version 12.00
# Visual Studio Version 17
VisualStudioVersion = 17.0.31903.59
MinimumVisualStudioVersion = 10.0.40219.1
Project("{2150E333-8FDC-42A3-9474-1A3956D46DE8}") = "src", "src", "{2A1E7C7A-7A6D-4338-B08E-1F2361AD5A1A}"
EndProject
Project("{2150E333-8FDC-42A3-9474-1A3956D46DE8}") = "test", "test", "{740A9BD1-D868-4F81-8624-AAE71E48300B}"
EndProject
Project("{9A19103F-16F7-4668-BE54-9A1E7A4F7556}") = "Willow.Api.Authorization", "src\Willow.Api.Authorization\Willow.Api.Authorization.csproj", "{748F94FD-A35A-4759-82CB-D86C9E1EDFEC}"
EndProject
Project("{9A19103F-16F7-4668-BE54-9A1E7A4F7556}") = "Willow.Api.AzureStorage", "src\WIllow.Api.AzureStorage\Willow.Api.AzureStorage.csproj", "{6594EA7E-579A-427C-8320-E0BAE92814EB}"
EndProject
Project("{9A19103F-16F7-4668-BE54-9A1E7A4F7556}") = "Willow.Api.Binding", "src\Willow.Api.Binding\Willow.Api.Binding.csproj", "{D47D7887-FB18-4A7A-B977-24C603B0E19E}"
EndProject
Project("{9A19103F-16F7-4668-BE54-9A1E7A4F7556}") = "Willow.Api.Client", "src\Willow.Api.Client\Willow.Api.Client.csproj", "{565B7341-6000-4D16-A292-B7EE0B367979}"
EndProject
Project("{9A19103F-16F7-4668-BE54-9A1E7A4F7556}") = "Willow.Api.DataValidation", "src\Willow.Api.DataValidation\Willow.Api.DataValidation.csproj", "{AE1B41BA-FB6C-41BE-B1FC-4D4FD96C3989}"
EndProject
Project("{9A19103F-16F7-4668-BE54-9A1E7A4F7556}") = "Willow.Api.Telemetry", "src\Willow.Api.Telemetry\Willow.Api.Telemetry.csproj", "{725234F9-639B-4C7D-BB93-6AA2432D4B6A}"
EndProject
Project("{9A19103F-16F7-4668-BE54-9A1E7A4F7556}") = "Willow.Azure.Storage", "src\Willow.Azure.Storage\Willow.Azure.Storage.csproj", "{6913DCCB-5721-4E95-A5FC-5536489BDD21}"
EndProject
Project("{9A19103F-16F7-4668-BE54-9A1E7A4F7556}") = "Willow.Calendar", "src\Willow.Calendar\Willow.Calendar.csproj", "{AB8BE21F-1F42-4FC5-8F09-25DC5D2C4C46}"
EndProject
Project("{9A19103F-16F7-4668-BE54-9A1E7A4F7556}") = "Willow.Common", "src\Willow.Common\Willow.Common.csproj", "{1119D356-0B2E-47C3-8B03-D37595597108}"
EndProject
Project("{9A19103F-16F7-4668-BE54-9A1E7A4F7556}") = "Willow.Data", "src\Willow.Data\Willow.Data.csproj", "{096EADE6-1929-4DB1-9B14-478071FD26B7}"
EndProject
Project("{9A19103F-16F7-4668-BE54-9A1E7A4F7556}") = "Willow.Data.Rest", "src\Willow.Data.Rest\Willow.Data.Rest.csproj", "{26209131-68F0-46CA-97F9-1D993109F7E2}"
EndProject
Project("{9A19103F-16F7-4668-BE54-9A1E7A4F7556}") = "Willow.DataValidation", "src\Willow.DataValidation\Willow.DataValidation.csproj", "{74623CAB-6689-4C8C-B725-8ABF77B9529B}"
EndProject
Project("{9A19103F-16F7-4668-BE54-9A1E7A4F7556}") = "Willow.Directory.Models", "src\Willow.Directory.Models\Willow.Directory.Models.csproj", "{E1A9E74B-A131-4865-AB03-CD5DE332FF9C}"
EndProject
Project("{9A19103F-16F7-4668-BE54-9A1E7A4F7556}") = "Willow.Logging", "src\Willow.Logging\Willow.Logging.csproj", "{280C3D9D-4AA6-405A-A840-14DAA151E005}"
EndProject
Project("{9A19103F-16F7-4668-BE54-9A1E7A4F7556}") = "Willow.Proxy", "src\Willow.Proxy\Willow.Proxy.csproj", "{182EDE8F-AD18-4EEE-86F2-CCA570BB7454}"
EndProject
Project("{9A19103F-16F7-4668-BE54-9A1E7A4F7556}") = "Willow.ServiceBus", "src\Willow.ServiceBus\Willow.ServiceBus.csproj", "{3F208F22-8DCC-44D7-82C0-1CD27DA6AEB0}"
EndProject
Project("{9A19103F-16F7-4668-BE54-9A1E7A4F7556}") = "Willow.Calendar.UnitTests", "test\Willow.Calendar.UnitTests\Willow.Calendar.UnitTests.csproj", "{666EFD28-51B4-4E89-B4BF-1EB40198ADA3}"
EndProject
Project("{9A19103F-16F7-4668-BE54-9A1E7A4F7556}") = "Willow.Common.UnitTests", "test\Willow.Common.UnitTests\Willow.Common.UnitTests.csproj", "{B08E9C46-724B-496A-B8F7-DD68A2819838}"
EndProject
Project("{9A19103F-16F7-4668-BE54-9A1E7A4F7556}") = "Willow.Data.Rest.UnitTests", "test\Willow.Data.Rest.UnitTests\Willow.Data.Rest.UnitTests.csproj", "{EF6A3613-E898-4B54-A654-D94CF8BEAD80}"
EndProject
Project("{9A19103F-16F7-4668-BE54-9A1E7A4F7556}") = "Willow.Data.UnitTests", "test\Willow.Data.UnitTests\Willow.Data.UnitTests.csproj", "{EE115DE8-7C7E-4447-A990-1F6AA215530C}"
EndProject
Project("{9A19103F-16F7-4668-BE54-9A1E7A4F7556}") = "Willow.DataValidation.UnitTests", "test\Willow.DataValidation.UnitTests\Willow.DataValidation.UnitTests.csproj", "{77AACC78-D43B-4A5A-9F59-AD4199003AA7}"
EndProject
Project("{9A19103F-16F7-4668-BE54-9A1E7A4F7556}") = "Willow.Logging.UnitTests", "test\Willow.Logging.UnitTests\Willow.Logging.UnitTests.csproj", "{7A6EF1B7-488D-469B-B6E2-FA90DBA4F03C}"
EndProject
Project("{9A19103F-16F7-4668-BE54-9A1E7A4F7556}") = "Willow.ServiceBus.FunctionalTests", "test\Willow.ServiceBus.FunctionalTests\Willow.ServiceBus.FunctionalTests.csproj", "{937B4020-AAA2-497E-97CD-7BE137DAC09E}"
EndProject
Global
	GlobalSection(SolutionConfigurationPlatforms) = preSolution
		Debug|Any CPU = Debug|Any CPU
		Release|Any CPU = Release|Any CPU
	EndGlobalSection
	GlobalSection(ProjectConfigurationPlatforms) = postSolution
		{748F94FD-A35A-4759-82CB-D86C9E1EDFEC}.Debug|Any CPU.ActiveCfg = Debug|Any CPU
		{748F94FD-A35A-4759-82CB-D86C9E1EDFEC}.Debug|Any CPU.Build.0 = Debug|Any CPU
		{748F94FD-A35A-4759-82CB-D86C9E1EDFEC}.Release|Any CPU.ActiveCfg = Release|Any CPU
		{748F94FD-A35A-4759-82CB-D86C9E1EDFEC}.Release|Any CPU.Build.0 = Release|Any CPU
		{6594EA7E-579A-427C-8320-E0BAE92814EB}.Debug|Any CPU.ActiveCfg = Debug|Any CPU
		{6594EA7E-579A-427C-8320-E0BAE92814EB}.Debug|Any CPU.Build.0 = Debug|Any CPU
		{6594EA7E-579A-427C-8320-E0BAE92814EB}.Release|Any CPU.ActiveCfg = Release|Any CPU
		{6594EA7E-579A-427C-8320-E0BAE92814EB}.Release|Any CPU.Build.0 = Release|Any CPU
		{D47D7887-FB18-4A7A-B977-24C603B0E19E}.Debug|Any CPU.ActiveCfg = Debug|Any CPU
		{D47D7887-FB18-4A7A-B977-24C603B0E19E}.Debug|Any CPU.Build.0 = Debug|Any CPU
		{D47D7887-FB18-4A7A-B977-24C603B0E19E}.Release|Any CPU.ActiveCfg = Release|Any CPU
		{D47D7887-FB18-4A7A-B977-24C603B0E19E}.Release|Any CPU.Build.0 = Release|Any CPU
		{565B7341-6000-4D16-A292-B7EE0B367979}.Debug|Any CPU.ActiveCfg = Debug|Any CPU
		{565B7341-6000-4D16-A292-B7EE0B367979}.Debug|Any CPU.Build.0 = Debug|Any CPU
		{565B7341-6000-4D16-A292-B7EE0B367979}.Release|Any CPU.ActiveCfg = Release|Any CPU
		{565B7341-6000-4D16-A292-B7EE0B367979}.Release|Any CPU.Build.0 = Release|Any CPU
		{AE1B41BA-FB6C-41BE-B1FC-4D4FD96C3989}.Debug|Any CPU.ActiveCfg = Debug|Any CPU
		{AE1B41BA-FB6C-41BE-B1FC-4D4FD96C3989}.Debug|Any CPU.Build.0 = Debug|Any CPU
		{AE1B41BA-FB6C-41BE-B1FC-4D4FD96C3989}.Release|Any CPU.ActiveCfg = Release|Any CPU
		{AE1B41BA-FB6C-41BE-B1FC-4D4FD96C3989}.Release|Any CPU.Build.0 = Release|Any CPU
		{725234F9-639B-4C7D-BB93-6AA2432D4B6A}.Debug|Any CPU.ActiveCfg = Debug|Any CPU
		{725234F9-639B-4C7D-BB93-6AA2432D4B6A}.Debug|Any CPU.Build.0 = Debug|Any CPU
		{725234F9-639B-4C7D-BB93-6AA2432D4B6A}.Release|Any CPU.ActiveCfg = Release|Any CPU
		{725234F9-639B-4C7D-BB93-6AA2432D4B6A}.Release|Any CPU.Build.0 = Release|Any CPU
		{6913DCCB-5721-4E95-A5FC-5536489BDD21}.Debug|Any CPU.ActiveCfg = Debug|Any CPU
		{6913DCCB-5721-4E95-A5FC-5536489BDD21}.Debug|Any CPU.Build.0 = Debug|Any CPU
		{6913DCCB-5721-4E95-A5FC-5536489BDD21}.Release|Any CPU.ActiveCfg = Release|Any CPU
		{6913DCCB-5721-4E95-A5FC-5536489BDD21}.Release|Any CPU.Build.0 = Release|Any CPU
		{AB8BE21F-1F42-4FC5-8F09-25DC5D2C4C46}.Debug|Any CPU.ActiveCfg = Debug|Any CPU
		{AB8BE21F-1F42-4FC5-8F09-25DC5D2C4C46}.Debug|Any CPU.Build.0 = Debug|Any CPU
		{AB8BE21F-1F42-4FC5-8F09-25DC5D2C4C46}.Release|Any CPU.ActiveCfg = Release|Any CPU
		{AB8BE21F-1F42-4FC5-8F09-25DC5D2C4C46}.Release|Any CPU.Build.0 = Release|Any CPU
		{1119D356-0B2E-47C3-8B03-D37595597108}.Debug|Any CPU.ActiveCfg = Debug|Any CPU
		{1119D356-0B2E-47C3-8B03-D37595597108}.Debug|Any CPU.Build.0 = Debug|Any CPU
		{1119D356-0B2E-47C3-8B03-D37595597108}.Release|Any CPU.ActiveCfg = Release|Any CPU
		{1119D356-0B2E-47C3-8B03-D37595597108}.Release|Any CPU.Build.0 = Release|Any CPU
		{096EADE6-1929-4DB1-9B14-478071FD26B7}.Debug|Any CPU.ActiveCfg = Debug|Any CPU
		{096EADE6-1929-4DB1-9B14-478071FD26B7}.Debug|Any CPU.Build.0 = Debug|Any CPU
		{096EADE6-1929-4DB1-9B14-478071FD26B7}.Release|Any CPU.ActiveCfg = Release|Any CPU
		{096EADE6-1929-4DB1-9B14-478071FD26B7}.Release|Any CPU.Build.0 = Release|Any CPU
		{26209131-68F0-46CA-97F9-1D993109F7E2}.Debug|Any CPU.ActiveCfg = Debug|Any CPU
		{26209131-68F0-46CA-97F9-1D993109F7E2}.Debug|Any CPU.Build.0 = Debug|Any CPU
		{26209131-68F0-46CA-97F9-1D993109F7E2}.Release|Any CPU.ActiveCfg = Release|Any CPU
		{26209131-68F0-46CA-97F9-1D993109F7E2}.Release|Any CPU.Build.0 = Release|Any CPU
		{74623CAB-6689-4C8C-B725-8ABF77B9529B}.Debug|Any CPU.ActiveCfg = Debug|Any CPU
		{74623CAB-6689-4C8C-B725-8ABF77B9529B}.Debug|Any CPU.Build.0 = Debug|Any CPU
		{74623CAB-6689-4C8C-B725-8ABF77B9529B}.Release|Any CPU.ActiveCfg = Release|Any CPU
		{74623CAB-6689-4C8C-B725-8ABF77B9529B}.Release|Any CPU.Build.0 = Release|Any CPU
		{E1A9E74B-A131-4865-AB03-CD5DE332FF9C}.Debug|Any CPU.ActiveCfg = Debug|Any CPU
		{E1A9E74B-A131-4865-AB03-CD5DE332FF9C}.Debug|Any CPU.Build.0 = Debug|Any CPU
		{E1A9E74B-A131-4865-AB03-CD5DE332FF9C}.Release|Any CPU.ActiveCfg = Release|Any CPU
		{E1A9E74B-A131-4865-AB03-CD5DE332FF9C}.Release|Any CPU.Build.0 = Release|Any CPU
		{280C3D9D-4AA6-405A-A840-14DAA151E005}.Debug|Any CPU.ActiveCfg = Debug|Any CPU
		{280C3D9D-4AA6-405A-A840-14DAA151E005}.Debug|Any CPU.Build.0 = Debug|Any CPU
		{280C3D9D-4AA6-405A-A840-14DAA151E005}.Release|Any CPU.ActiveCfg = Release|Any CPU
		{280C3D9D-4AA6-405A-A840-14DAA151E005}.Release|Any CPU.Build.0 = Release|Any CPU
		{182EDE8F-AD18-4EEE-86F2-CCA570BB7454}.Debug|Any CPU.ActiveCfg = Debug|Any CPU
		{182EDE8F-AD18-4EEE-86F2-CCA570BB7454}.Debug|Any CPU.Build.0 = Debug|Any CPU
		{182EDE8F-AD18-4EEE-86F2-CCA570BB7454}.Release|Any CPU.ActiveCfg = Release|Any CPU
		{182EDE8F-AD18-4EEE-86F2-CCA570BB7454}.Release|Any CPU.Build.0 = Release|Any CPU
		{3F208F22-8DCC-44D7-82C0-1CD27DA6AEB0}.Debug|Any CPU.ActiveCfg = Debug|Any CPU
		{3F208F22-8DCC-44D7-82C0-1CD27DA6AEB0}.Debug|Any CPU.Build.0 = Debug|Any CPU
		{3F208F22-8DCC-44D7-82C0-1CD27DA6AEB0}.Release|Any CPU.ActiveCfg = Release|Any CPU
		{3F208F22-8DCC-44D7-82C0-1CD27DA6AEB0}.Release|Any CPU.Build.0 = Release|Any CPU
		{666EFD28-51B4-4E89-B4BF-1EB40198ADA3}.Debug|Any CPU.ActiveCfg = Debug|Any CPU
		{666EFD28-51B4-4E89-B4BF-1EB40198ADA3}.Debug|Any CPU.Build.0 = Debug|Any CPU
		{666EFD28-51B4-4E89-B4BF-1EB40198ADA3}.Release|Any CPU.ActiveCfg = Release|Any CPU
		{666EFD28-51B4-4E89-B4BF-1EB40198ADA3}.Release|Any CPU.Build.0 = Release|Any CPU
		{B08E9C46-724B-496A-B8F7-DD68A2819838}.Debug|Any CPU.ActiveCfg = Debug|Any CPU
		{B08E9C46-724B-496A-B8F7-DD68A2819838}.Debug|Any CPU.Build.0 = Debug|Any CPU
		{B08E9C46-724B-496A-B8F7-DD68A2819838}.Release|Any CPU.ActiveCfg = Release|Any CPU
		{B08E9C46-724B-496A-B8F7-DD68A2819838}.Release|Any CPU.Build.0 = Release|Any CPU
		{EF6A3613-E898-4B54-A654-D94CF8BEAD80}.Debug|Any CPU.ActiveCfg = Debug|Any CPU
		{EF6A3613-E898-4B54-A654-D94CF8BEAD80}.Debug|Any CPU.Build.0 = Debug|Any CPU
		{EF6A3613-E898-4B54-A654-D94CF8BEAD80}.Release|Any CPU.ActiveCfg = Release|Any CPU
		{EF6A3613-E898-4B54-A654-D94CF8BEAD80}.Release|Any CPU.Build.0 = Release|Any CPU
		{EE115DE8-7C7E-4447-A990-1F6AA215530C}.Debug|Any CPU.ActiveCfg = Debug|Any CPU
		{EE115DE8-7C7E-4447-A990-1F6AA215530C}.Debug|Any CPU.Build.0 = Debug|Any CPU
		{EE115DE8-7C7E-4447-A990-1F6AA215530C}.Release|Any CPU.ActiveCfg = Release|Any CPU
		{EE115DE8-7C7E-4447-A990-1F6AA215530C}.Release|Any CPU.Build.0 = Release|Any CPU
		{77AACC78-D43B-4A5A-9F59-AD4199003AA7}.Debug|Any CPU.ActiveCfg = Debug|Any CPU
		{77AACC78-D43B-4A5A-9F59-AD4199003AA7}.Debug|Any CPU.Build.0 = Debug|Any CPU
		{77AACC78-D43B-4A5A-9F59-AD4199003AA7}.Release|Any CPU.ActiveCfg = Release|Any CPU
		{77AACC78-D43B-4A5A-9F59-AD4199003AA7}.Release|Any CPU.Build.0 = Release|Any CPU
		{7A6EF1B7-488D-469B-B6E2-FA90DBA4F03C}.Debug|Any CPU.ActiveCfg = Debug|Any CPU
		{7A6EF1B7-488D-469B-B6E2-FA90DBA4F03C}.Debug|Any CPU.Build.0 = Debug|Any CPU
		{7A6EF1B7-488D-469B-B6E2-FA90DBA4F03C}.Release|Any CPU.ActiveCfg = Release|Any CPU
		{7A6EF1B7-488D-469B-B6E2-FA90DBA4F03C}.Release|Any CPU.Build.0 = Release|Any CPU
		{937B4020-AAA2-497E-97CD-7BE137DAC09E}.Debug|Any CPU.ActiveCfg = Debug|Any CPU
		{937B4020-AAA2-497E-97CD-7BE137DAC09E}.Debug|Any CPU.Build.0 = Debug|Any CPU
		{937B4020-AAA2-497E-97CD-7BE137DAC09E}.Release|Any CPU.ActiveCfg = Release|Any CPU
		{937B4020-AAA2-497E-97CD-7BE137DAC09E}.Release|Any CPU.Build.0 = Release|Any CPU
	EndGlobalSection
	GlobalSection(SolutionProperties) = preSolution
		HideSolutionNode = FALSE
	EndGlobalSection
	GlobalSection(NestedProjects) = preSolution
		{748F94FD-A35A-4759-82CB-D86C9E1EDFEC} = {2A1E7C7A-7A6D-4338-B08E-1F2361AD5A1A}
		{6594EA7E-579A-427C-8320-E0BAE92814EB} = {2A1E7C7A-7A6D-4338-B08E-1F2361AD5A1A}
		{D47D7887-FB18-4A7A-B977-24C603B0E19E} = {2A1E7C7A-7A6D-4338-B08E-1F2361AD5A1A}
		{565B7341-6000-4D16-A292-B7EE0B367979} = {2A1E7C7A-7A6D-4338-B08E-1F2361AD5A1A}
		{AE1B41BA-FB6C-41BE-B1FC-4D4FD96C3989} = {2A1E7C7A-7A6D-4338-B08E-1F2361AD5A1A}
		{725234F9-639B-4C7D-BB93-6AA2432D4B6A} = {2A1E7C7A-7A6D-4338-B08E-1F2361AD5A1A}
		{6913DCCB-5721-4E95-A5FC-5536489BDD21} = {2A1E7C7A-7A6D-4338-B08E-1F2361AD5A1A}
		{AB8BE21F-1F42-4FC5-8F09-25DC5D2C4C46} = {2A1E7C7A-7A6D-4338-B08E-1F2361AD5A1A}
		{1119D356-0B2E-47C3-8B03-D37595597108} = {2A1E7C7A-7A6D-4338-B08E-1F2361AD5A1A}
		{096EADE6-1929-4DB1-9B14-478071FD26B7} = {2A1E7C7A-7A6D-4338-B08E-1F2361AD5A1A}
		{26209131-68F0-46CA-97F9-1D993109F7E2} = {2A1E7C7A-7A6D-4338-B08E-1F2361AD5A1A}
		{74623CAB-6689-4C8C-B725-8ABF77B9529B} = {2A1E7C7A-7A6D-4338-B08E-1F2361AD5A1A}
		{E1A9E74B-A131-4865-AB03-CD5DE332FF9C} = {2A1E7C7A-7A6D-4338-B08E-1F2361AD5A1A}
		{280C3D9D-4AA6-405A-A840-14DAA151E005} = {2A1E7C7A-7A6D-4338-B08E-1F2361AD5A1A}
		{182EDE8F-AD18-4EEE-86F2-CCA570BB7454} = {2A1E7C7A-7A6D-4338-B08E-1F2361AD5A1A}
		{3F208F22-8DCC-44D7-82C0-1CD27DA6AEB0} = {2A1E7C7A-7A6D-4338-B08E-1F2361AD5A1A}
		{666EFD28-51B4-4E89-B4BF-1EB40198ADA3} = {740A9BD1-D868-4F81-8624-AAE71E48300B}
		{B08E9C46-724B-496A-B8F7-DD68A2819838} = {740A9BD1-D868-4F81-8624-AAE71E48300B}
		{EF6A3613-E898-4B54-A654-D94CF8BEAD80} = {740A9BD1-D868-4F81-8624-AAE71E48300B}
		{EE115DE8-7C7E-4447-A990-1F6AA215530C} = {740A9BD1-D868-4F81-8624-AAE71E48300B}
		{77AACC78-D43B-4A5A-9F59-AD4199003AA7} = {740A9BD1-D868-4F81-8624-AAE71E48300B}
		{7A6EF1B7-488D-469B-B6E2-FA90DBA4F03C} = {740A9BD1-D868-4F81-8624-AAE71E48300B}
		{937B4020-AAA2-497E-97CD-7BE137DAC09E} = {740A9BD1-D868-4F81-8624-AAE71E48300B}
	EndGlobalSection
	GlobalSection(ExtensibilityGlobals) = postSolution
		SolutionGuid = {65DD4835-51C2-4D53-AB98-11E740F888BD}
	EndGlobalSection
EndGlobal
