
Microsoft Visual Studio Solution File, Format Version 12.00
# Visual Studio Version 17
VisualStudioVersion = 17.0.31903.59
MinimumVisualStudioVersion = 10.0.40219.1
Project("{2150E333-8FDC-42A3-9474-1A3956D46DE8}") = "SolutionItems", "SolutionItems", "{06A94C5F-5E39-42BA-9077-44869C67F44A}"
	ProjectSection(SolutionItems) = preProject
		Directory.Build.props = Directory.Build.props
		Directory.Build.targets = Directory.Build.targets
	EndProjectSection
EndProject
Project("{2150E333-8FDC-42A3-9474-1A3956D46DE8}") = ".github", ".github", "{CE43F697-4522-44F6-9A37-20022E7BE186}"
	ProjectSection(SolutionItems) = preProject
		..\..\..\.github\workflows\iot-services-cognian-telemetry-adapter-build-action.yml = ..\..\..\.github\workflows\iot-services-cognian-telemetry-adapter-build-action.yml
	EndProjectSection
EndProject
Project("{9A19103F-16F7-4668-BE54-9A1E7A4F7556}") = "CognianTelemetryAdapter", "CognianTelemetryAdapter\CognianTelemetryAdapter.csproj", "{1B5331B9-0769-4599-93AB-816B7F7ABF5C}"
EndProject
Project("{9A19103F-16F7-4668-BE54-9A1E7A4F7556}") = "CognianTelemetryAdapter.Tests", "test\CognianTelemetryAdapter.Tests\CognianTelemetryAdapter.Tests.csproj", "{4EA81EAB-6886-4A14-BB16-A8DFBC6C67CD}"
EndProject
Global
	GlobalSection(SolutionConfigurationPlatforms) = preSolution
		Debug|Any CPU = Debug|Any CPU
		Release|Any CPU = Release|Any CPU
	EndGlobalSection
	GlobalSection(ProjectConfigurationPlatforms) = postSolution
		{1B5331B9-0769-4599-93AB-816B7F7ABF5C}.Debug|Any CPU.ActiveCfg = Debug|Any CPU
		{1B5331B9-0769-4599-93AB-816B7F7ABF5C}.Debug|Any CPU.Build.0 = Debug|Any CPU
		{1B5331B9-0769-4599-93AB-816B7F7ABF5C}.Release|Any CPU.ActiveCfg = Release|Any CPU
		{1B5331B9-0769-4599-93AB-816B7F7ABF5C}.Release|Any CPU.Build.0 = Release|Any CPU
		{4EA81EAB-6886-4A14-BB16-A8DFBC6C67CD}.Debug|Any CPU.ActiveCfg = Debug|Any CPU
		{4EA81EAB-6886-4A14-BB16-A8DFBC6C67CD}.Debug|Any CPU.Build.0 = Debug|Any CPU
		{4EA81EAB-6886-4A14-BB16-A8DFBC6C67CD}.Release|Any CPU.ActiveCfg = Release|Any CPU
		{4EA81EAB-6886-4A14-BB16-A8DFBC6C67CD}.Release|Any CPU.Build.0 = Release|Any CPU
	EndGlobalSection
	GlobalSection(SolutionProperties) = preSolution
		HideSolutionNode = FALSE
	EndGlobalSection
	GlobalSection(ExtensibilityGlobals) = postSolution
		SolutionGuid = {E52F382B-0D5A-41A4-9237-8790C06A19AE}
	EndGlobalSection
EndGlobal
