
Microsoft Visual Studio Solution File, Format Version 12.00
# 17
VisualStudioVersion = 17.5.33424.131
MinimumVisualStudioVersion = 10.0.40219.1
Project("{9A19103F-16F7-4668-BE54-9A1E7A4F7556}") = "Willow.Api.Authentication", "Willow.Api\Willow.Api.Authentication\Willow.Api.Authentication.csproj", "{580899ED-37C5-4D7A-85DE-F96D4B45394C}"
EndProject
Project("{2150E333-8FDC-42A3-9474-1A3956D46DE8}") = "Willow.Api", "Willow.Api", "{5EEB95C5-8A92-425E-8CB9-3CE4251AC188}"
EndProject
Project("{9A19103F-16F7-4668-BE54-9A1E7A4F7556}") = "Willow.Api.Authorization", "Willow.Api\Willow.Api.Authorization\Willow.Api.Authorization.csproj", "{30027D73-4754-4044-A853-856657C89FE3}"
EndProject
Project("{9A19103F-16F7-4668-BE54-9A1E7A4F7556}") = "Willow.Api.Binding", "Willow.Api\Willow.Api.Binding\Willow.Api.Binding.csproj", "{8FABA0CC-8F37-4E01-AF6D-236A7A50FA08}"
EndProject
Project("{9A19103F-16F7-4668-BE54-9A1E7A4F7556}") = "Willow.Api.Client.Sdk", "Willow.Api\Willow.Api.Client.Sdk\Willow.Api.Client.Sdk.csproj", "{EB71F8ED-71F5-4C10-8FAF-D8C72084BA83}"
EndProject
Project("{9A19103F-16F7-4668-BE54-9A1E7A4F7556}") = "Willow.Api.Common", "Willow.Api\Willow.Api.Common\Willow.Api.Common.csproj", "{7D5C7308-31A4-4468-83AD-12C8FB9B51EF}"
EndProject
Project("{9A19103F-16F7-4668-BE54-9A1E7A4F7556}") = "Willow.Api.Logging", "Willow.Api\Willow.Api.Logging\Willow.Api.Logging.csproj", "{6A7003C8-4D5F-4398-94B6-F04F0F70A836}"
EndProject
Project("{9A19103F-16F7-4668-BE54-9A1E7A4F7556}") = "Willow.Api.Swagger", "Willow.Api\Willow.Api.Swagger\Willow.Api.Swagger.csproj", "{6E36D3D8-FE6E-4A7C-9691-CEE715ADFB69}"
EndProject
Project("{9A19103F-16F7-4668-BE54-9A1E7A4F7556}") = "Willow.AzureAppConfiguration", "Willow.AppConfig\Willow.AzureAppConfiguration\Willow.AzureAppConfiguration.csproj", "{CCC3EA9B-54C2-49A8-94DE-0BFA172728A7}"
EndProject
Project("{2150E333-8FDC-42A3-9474-1A3956D46DE8}") = "Willow.AppConfig", "Willow.AppConfig", "{5FF21627-BE72-44E7-A785-9C9B0B387475}"
EndProject
Project("{9A19103F-16F7-4668-BE54-9A1E7A4F7556}") = "Willow.KeyVaultSecretsProvider", "Willow.AppConfig\Willow.KeyVaultSecretsProvider\Willow.KeyVaultSecretsProvider.csproj", "{F36FD3E3-0F2B-4F30-9812-C10A6F28E710}"
EndProject
Project("{9A19103F-16F7-4668-BE54-9A1E7A4F7556}") = "Willow.AppContext", "Willow.AppContext\Willow.AppContext.csproj", "{8F9D525A-A66C-4FF2-987A-DCA2095DFB58}"
EndProject
Project("{2150E333-8FDC-42A3-9474-1A3956D46DE8}") = "Willow.DataAccess", "Willow.DataAccess", "{E92ADADA-E827-4B02-AD79-226177F32478}"
EndProject
Project("{9A19103F-16F7-4668-BE54-9A1E7A4F7556}") = "Willow.DataAccess", "Willow.DataAccess\Willow.DataAccess\Willow.DataAccess.csproj", "{4ABA8EC1-3825-4828-A933-E1D9E9E5CDE6}"
EndProject
Project("{2150E333-8FDC-42A3-9474-1A3956D46DE8}") = "Willow.Email", "Willow.Email", "{BD75798C-3B2B-48C0-999D-B791D8052F80}"
EndProject
Project("{9A19103F-16F7-4668-BE54-9A1E7A4F7556}") = "Willow.Email.SendGrid", "Willow.Email\Willow.Email.SendGrid\Willow.Email.SendGrid.csproj", "{0335DA86-7B34-46CD-AD19-EF26FAAEDFBD}"
EndProject
Project("{2150E333-8FDC-42A3-9474-1A3956D46DE8}") = "Willow.FeatureFlags", "Willow.FeatureFlags", "{C65B37D6-3FCB-4E86-8E79-5FFCEBE4AA70}"
EndProject
Project("{9A19103F-16F7-4668-BE54-9A1E7A4F7556}") = "Willow.FeatureFlagsProvider", "Willow.FeatureFlags\Willow.FeatureFlagsProvider\Willow.FeatureFlagsProvider.csproj", "{8B33A9AF-C499-4280-8F33-C8EECD5B4B8D}"
EndProject
Project("{2150E333-8FDC-42A3-9474-1A3956D46DE8}") = "Willow.Mediator", "Willow.Mediator", "{E68F35A5-9104-473B-8C85-E7E52A87DFD3}"
EndProject
Project("{9A19103F-16F7-4668-BE54-9A1E7A4F7556}") = "Willow.Mediator", "Willow.Mediator\Willow.Mediator\Willow.Mediator.csproj", "{E1A9F936-7D84-4565-BF07-BA395FF2FFF5}"
EndProject
Project("{2150E333-8FDC-42A3-9474-1A3956D46DE8}") = "Willow.AppContext", "Willow.AppContext", "{D16D4D6B-7DCC-4598-A12D-F7ED87D566C8}"
EndProject
Project("{2150E333-8FDC-42A3-9474-1A3956D46DE8}") = "Willow.Messaging", "Willow.Messaging", "{0C5EAFEF-22FB-46E5-8427-192421092885}"
EndProject
Project("{9A19103F-16F7-4668-BE54-9A1E7A4F7556}") = "Willow.ServiceBus", "Willow.Messaging\Willow.ServiceBus\Willow.ServiceBus.csproj", "{8C9F6448-68F1-4F47-ABBF-4FCBE1B0C497}"
EndProject
Project("{2150E333-8FDC-42A3-9474-1A3956D46DE8}") = "WIllow.Security", "WIllow.Security", "{F8DDB47D-9975-4F2C-BE54-687106792648}"
EndProject
Project("{9A19103F-16F7-4668-BE54-9A1E7A4F7556}") = "Willow.Security", "Willow.Security\Willow.Security\Willow.Security.csproj", "{98A07E64-5956-478D-9E36-238FBF586C12}"
EndProject
Project("{2150E333-8FDC-42A3-9474-1A3956D46DE8}") = "Willow.Telemetry", "Willow.Telemetry", "{ED1E9D08-A7D2-4A66-BE63-422D72949E22}"
EndProject
Project("{9A19103F-16F7-4668-BE54-9A1E7A4F7556}") = "Willow.Telemetry", "Willow.Telemetry\Willow.Telemetry.csproj", "{264E0D28-6EFD-46EA-9B24-4059A3A33C02}"
EndProject
Project("{9A19103F-16F7-4668-BE54-9A1E7A4F7556}") = "Willow.Telemetry.Web", "Willow.Telemetry.Web\Willow.Telemetry.Web.csproj", "{25A21F6A-F610-408F-AC11-811DBAEB12D7}"
EndProject
Project("{2150E333-8FDC-42A3-9474-1A3956D46DE8}") = "Willow.Notifications", "Willow.Notifications", "{D5D4EB2F-AFE7-45E0-ACD5-A2B7966E2856}"
EndProject
Project("{2150E333-8FDC-42A3-9474-1A3956D46DE8}") = "Willow.Hosting", "Willow.Hosting", "{9BED4F40-9004-4754-81E3-7034FB0B228D}"
EndProject
Project("{2150E333-8FDC-42A3-9474-1A3956D46DE8}") = "Willow.LiveData", "Willow.LiveData", "{A467ADD6-D80C-4572-9263-1A40C2AD339E}"
EndProject
Project("{9A19103F-16F7-4668-BE54-9A1E7A4F7556}") = "Willow.LiveData.Pipeline", "Willow.LiveData.Pipeline\Willow.LiveData.Pipeline.csproj", "{AFF3E30D-8516-41FE-AAA6-5201A24FE827}"
EndProject
Project("{9A19103F-16F7-4668-BE54-9A1E7A4F7556}") = "Willow.CognitiveSearch", "Willow.CognitiveSearch\Willow.CognitiveSearch.csproj", "{A116FA5D-5B54-4AEB-9E6F-E7E792999534}"
EndProject
Project("{9A19103F-16F7-4668-BE54-9A1E7A4F7556}") = "Willow.Security.Test", "Willow.Security\Willow.Security.Test\Willow.Security.Test.csproj", "{C4E75B5E-FC1D-451A-A634-127249AE3929}"
EndProject
Project("{2150E333-8FDC-42A3-9474-1A3956D46DE8}") = "Willow.HealthChecks", "Willow.HealthChecks", "{D31A8ABC-431E-4F45-A157-8C2A6CC02CE9}"
EndProject
Project("{9A19103F-16F7-4668-BE54-9A1E7A4F7556}") = "Willow.HealthChecks", "Willow.HealthChecks\src\Willow.HealthChecks.csproj", "{D10DED6E-B09F-46FE-AF46-8FA207038B85}"
EndProject
Project("{9A19103F-16F7-4668-BE54-9A1E7A4F7556}") = "Willow.HealthChecks.Test", "Willow.HealthChecks\test\Willow.HealthChecks.Test.csproj", "{65BF89FE-8609-46A2-95D1-2AB6D12DDA1A}"
EndProject
Project("{9A19103F-16F7-4668-BE54-9A1E7A4F7556}") = "Willow.Notifications", "Willow.Notifications\Willow.Notifications.csproj", "{612C17C8-15EF-4005-8498-4BAE1493B6D5}"
EndProject
Project("{9A19103F-16F7-4668-BE54-9A1E7A4F7556}") = "Willow.Copilot.ProxyAPI", "Willow.Copilot\Willow.Copilot.ProxyAPI\Willow.Copilot.ProxyAPI.csproj", "{7FA5F528-5649-4EF5-BFBF-DC11D6DF4EC6}"
EndProject
Project("{2150E333-8FDC-42A3-9474-1A3956D46DE8}") = "Willow.Copilot", "Willow.Copilot", "{A84AE013-51C9-411E-9111-ADCC4FDC8980}"
	ProjectSection(SolutionItems) = preProject
		readme.md = readme.md
	EndProjectSection
EndProject
Project("{2150E333-8FDC-42A3-9474-1A3956D46DE8}") = "Willow.Batch", "Willow.Batch", "{12FADC25-78C6-4282-83EF-12321514409A}"
EndProject
Project("{9A19103F-16F7-4668-BE54-9A1E7A4F7556}") = "Willow.Batch", "Willow.Batch\src\Willow.Batch.csproj", "{01C9DC70-A2B1-4BB7-958D-9F12E37EDB6F}"
EndProject
Project("{9A19103F-16F7-4668-BE54-9A1E7A4F7556}") = "Willow.Batch.UnitTests", "Willow.Batch\test\Willow.Batch.UnitTests.csproj", "{FF88046F-46A8-45D9-825F-4DE92ECFEB2E}"
EndProject
Project("{2150E333-8FDC-42A3-9474-1A3956D46DE8}") = "Willow.Adx", "Willow.Adx", "{18F447C1-5E32-4E40-92FE-A2F4C676D4D2}"
EndProject
Project("{9A19103F-16F7-4668-BE54-9A1E7A4F7556}") = "Willow.Adx", "Willow.Adx\Willow.Adx.csproj", "{E0BC6A06-EC4D-4242-8E44-3D9B27C1BC74}"
EndProject
Project("{9A19103F-16F7-4668-BE54-9A1E7A4F7556}") = "Willow.Hosting", "Willow.Hosting\Willow.Hosting.csproj", "{C0CADE2A-1E33-4077-BDF8-E357A2869B8F}"
EndProject
Project("{2150E333-8FDC-42A3-9474-1A3956D46DE8}") = "Willow.SpecFlow", "Willow.SpecFlow", "{6FB03C2C-F086-4A9C-A30B-23527658A837}"
EndProject
Project("{9A19103F-16F7-4668-BE54-9A1E7A4F7556}") = "Willow.SpecFlow", "Willow.SpecFlow\src\Willow.SpecFlow\Willow.SpecFlow.csproj", "{1DE1049C-F6CC-4F02-B2E3-6537A55C4CA7}"
EndProject
Project("{2150E333-8FDC-42A3-9474-1A3956D46DE8}") = "Willow.Expressions", "Willow.Expressions", "{CCDA10DF-5D1C-416B-B1B8-FE39A3050314}"
EndProject
Project("{9A19103F-16F7-4668-BE54-9A1E7A4F7556}") = "Willow.Expressions", "Willow.Expressions\src\Willow.Expressions.csproj", "{EA69997D-ED6E-41C4-BBB6-551872BA3390}"
EndProject
Project("{9A19103F-16F7-4668-BE54-9A1E7A4F7556}") = "Willow.Expressions.Test", "Willow.Expressions\test\Willow.Expressions.Test.csproj", "{34270256-924E-4BB6-AF7A-F1CB2BD5EC02}"
EndProject
Project("{9A19103F-16F7-4668-BE54-9A1E7A4F7556}") = "Willow.SpecFlow.Tests", "Willow.SpecFlow\test\Willow.SpecFlow.Tests\Willow.SpecFlow.Tests.csproj", "{8E664812-D00A-4810-9785-C62ED11CD2F6}"
EndProject
Project("{9A19103F-16F7-4668-BE54-9A1E7A4F7556}") = "Willow.Telemetry.Test", "Willow.Telemetry.Test\Willow.Telemetry.Test.csproj", "{4949D53B-01B9-4229-971E-3D6569D478E4}"
EndProject
Project("{9A19103F-16F7-4668-BE54-9A1E7A4F7556}") = "Willow.Copilot.ProxyAPI.Tests", "Willow.Copilot\Willow.Copilot.ProxyAPI.Tests\Willow.Copilot.ProxyAPI.Tests.csproj", "{1E216A45-8F18-4267-9D96-F929DF918B86}"
EndProject
Project("{FAE04EC0-301F-11D3-BF4B-00C04F79EFBC}") = "Willow.SpecFlow.Xunit", "Willow.SpecFlow\src\Willow.SpecFlow.Xunit\Willow.SpecFlow.Xunit.csproj", "{B7D8DC06-4AD4-474A-8695-8BD353B904AE}"
EndProject
Project("{2150E333-8FDC-42A3-9474-1A3956D46DE8}") = "Willow.Caching", "Willow.Caching", "{B73498F3-693A-49C3-8F10-1A17724C113E}"
EndProject
Project("{FAE04EC0-301F-11D3-BF4B-00C04F79EFBC}") = "Willow.Caching", "Willow.Caching\Willow.Caching.csproj", "{B2293139-2B7E-4E73-9101-387E712C1ED1}"
EndProject
Global
	GlobalSection(SolutionConfigurationPlatforms) = preSolution
		Debug|Any CPU = Debug|Any CPU
		Release|Any CPU = Release|Any CPU
	EndGlobalSection
	GlobalSection(ProjectConfigurationPlatforms) = postSolution
		{580899ED-37C5-4D7A-85DE-F96D4B45394C}.Debug|Any CPU.ActiveCfg = Debug|Any CPU
		{580899ED-37C5-4D7A-85DE-F96D4B45394C}.Debug|Any CPU.Build.0 = Debug|Any CPU
		{580899ED-37C5-4D7A-85DE-F96D4B45394C}.Release|Any CPU.ActiveCfg = Release|Any CPU
		{580899ED-37C5-4D7A-85DE-F96D4B45394C}.Release|Any CPU.Build.0 = Release|Any CPU
		{30027D73-4754-4044-A853-856657C89FE3}.Debug|Any CPU.ActiveCfg = Debug|Any CPU
		{30027D73-4754-4044-A853-856657C89FE3}.Debug|Any CPU.Build.0 = Debug|Any CPU
		{30027D73-4754-4044-A853-856657C89FE3}.Release|Any CPU.ActiveCfg = Release|Any CPU
		{30027D73-4754-4044-A853-856657C89FE3}.Release|Any CPU.Build.0 = Release|Any CPU
		{8FABA0CC-8F37-4E01-AF6D-236A7A50FA08}.Debug|Any CPU.ActiveCfg = Debug|Any CPU
		{8FABA0CC-8F37-4E01-AF6D-236A7A50FA08}.Debug|Any CPU.Build.0 = Debug|Any CPU
		{8FABA0CC-8F37-4E01-AF6D-236A7A50FA08}.Release|Any CPU.ActiveCfg = Release|Any CPU
		{8FABA0CC-8F37-4E01-AF6D-236A7A50FA08}.Release|Any CPU.Build.0 = Release|Any CPU
		{EB71F8ED-71F5-4C10-8FAF-D8C72084BA83}.Debug|Any CPU.ActiveCfg = Debug|Any CPU
		{EB71F8ED-71F5-4C10-8FAF-D8C72084BA83}.Debug|Any CPU.Build.0 = Debug|Any CPU
		{EB71F8ED-71F5-4C10-8FAF-D8C72084BA83}.Release|Any CPU.ActiveCfg = Release|Any CPU
		{EB71F8ED-71F5-4C10-8FAF-D8C72084BA83}.Release|Any CPU.Build.0 = Release|Any CPU
		{7D5C7308-31A4-4468-83AD-12C8FB9B51EF}.Debug|Any CPU.ActiveCfg = Debug|Any CPU
		{7D5C7308-31A4-4468-83AD-12C8FB9B51EF}.Debug|Any CPU.Build.0 = Debug|Any CPU
		{7D5C7308-31A4-4468-83AD-12C8FB9B51EF}.Release|Any CPU.ActiveCfg = Release|Any CPU
		{7D5C7308-31A4-4468-83AD-12C8FB9B51EF}.Release|Any CPU.Build.0 = Release|Any CPU
		{6A7003C8-4D5F-4398-94B6-F04F0F70A836}.Debug|Any CPU.ActiveCfg = Debug|Any CPU
		{6A7003C8-4D5F-4398-94B6-F04F0F70A836}.Debug|Any CPU.Build.0 = Debug|Any CPU
		{6A7003C8-4D5F-4398-94B6-F04F0F70A836}.Release|Any CPU.ActiveCfg = Release|Any CPU
		{6A7003C8-4D5F-4398-94B6-F04F0F70A836}.Release|Any CPU.Build.0 = Release|Any CPU
		{6E36D3D8-FE6E-4A7C-9691-CEE715ADFB69}.Debug|Any CPU.ActiveCfg = Debug|Any CPU
		{6E36D3D8-FE6E-4A7C-9691-CEE715ADFB69}.Debug|Any CPU.Build.0 = Debug|Any CPU
		{6E36D3D8-FE6E-4A7C-9691-CEE715ADFB69}.Release|Any CPU.ActiveCfg = Release|Any CPU
		{6E36D3D8-FE6E-4A7C-9691-CEE715ADFB69}.Release|Any CPU.Build.0 = Release|Any CPU
		{CCC3EA9B-54C2-49A8-94DE-0BFA172728A7}.Debug|Any CPU.ActiveCfg = Debug|Any CPU
		{CCC3EA9B-54C2-49A8-94DE-0BFA172728A7}.Debug|Any CPU.Build.0 = Debug|Any CPU
		{CCC3EA9B-54C2-49A8-94DE-0BFA172728A7}.Release|Any CPU.ActiveCfg = Release|Any CPU
		{CCC3EA9B-54C2-49A8-94DE-0BFA172728A7}.Release|Any CPU.Build.0 = Release|Any CPU
		{F36FD3E3-0F2B-4F30-9812-C10A6F28E710}.Debug|Any CPU.ActiveCfg = Debug|Any CPU
		{F36FD3E3-0F2B-4F30-9812-C10A6F28E710}.Debug|Any CPU.Build.0 = Debug|Any CPU
		{F36FD3E3-0F2B-4F30-9812-C10A6F28E710}.Release|Any CPU.ActiveCfg = Release|Any CPU
		{F36FD3E3-0F2B-4F30-9812-C10A6F28E710}.Release|Any CPU.Build.0 = Release|Any CPU
		{8F9D525A-A66C-4FF2-987A-DCA2095DFB58}.Debug|Any CPU.ActiveCfg = Debug|Any CPU
		{8F9D525A-A66C-4FF2-987A-DCA2095DFB58}.Debug|Any CPU.Build.0 = Debug|Any CPU
		{8F9D525A-A66C-4FF2-987A-DCA2095DFB58}.Release|Any CPU.ActiveCfg = Release|Any CPU
		{8F9D525A-A66C-4FF2-987A-DCA2095DFB58}.Release|Any CPU.Build.0 = Release|Any CPU
		{4ABA8EC1-3825-4828-A933-E1D9E9E5CDE6}.Debug|Any CPU.ActiveCfg = Debug|Any CPU
		{4ABA8EC1-3825-4828-A933-E1D9E9E5CDE6}.Debug|Any CPU.Build.0 = Debug|Any CPU
		{4ABA8EC1-3825-4828-A933-E1D9E9E5CDE6}.Release|Any CPU.ActiveCfg = Release|Any CPU
		{4ABA8EC1-3825-4828-A933-E1D9E9E5CDE6}.Release|Any CPU.Build.0 = Release|Any CPU
		{0335DA86-7B34-46CD-AD19-EF26FAAEDFBD}.Debug|Any CPU.ActiveCfg = Debug|Any CPU
		{0335DA86-7B34-46CD-AD19-EF26FAAEDFBD}.Debug|Any CPU.Build.0 = Debug|Any CPU
		{0335DA86-7B34-46CD-AD19-EF26FAAEDFBD}.Release|Any CPU.ActiveCfg = Release|Any CPU
		{0335DA86-7B34-46CD-AD19-EF26FAAEDFBD}.Release|Any CPU.Build.0 = Release|Any CPU
		{8B33A9AF-C499-4280-8F33-C8EECD5B4B8D}.Debug|Any CPU.ActiveCfg = Debug|Any CPU
		{8B33A9AF-C499-4280-8F33-C8EECD5B4B8D}.Debug|Any CPU.Build.0 = Debug|Any CPU
		{8B33A9AF-C499-4280-8F33-C8EECD5B4B8D}.Release|Any CPU.ActiveCfg = Release|Any CPU
		{8B33A9AF-C499-4280-8F33-C8EECD5B4B8D}.Release|Any CPU.Build.0 = Release|Any CPU
		{E1A9F936-7D84-4565-BF07-BA395FF2FFF5}.Debug|Any CPU.ActiveCfg = Debug|Any CPU
		{E1A9F936-7D84-4565-BF07-BA395FF2FFF5}.Debug|Any CPU.Build.0 = Debug|Any CPU
		{E1A9F936-7D84-4565-BF07-BA395FF2FFF5}.Release|Any CPU.ActiveCfg = Release|Any CPU
		{E1A9F936-7D84-4565-BF07-BA395FF2FFF5}.Release|Any CPU.Build.0 = Release|Any CPU
		{8C9F6448-68F1-4F47-ABBF-4FCBE1B0C497}.Debug|Any CPU.ActiveCfg = Debug|Any CPU
		{8C9F6448-68F1-4F47-ABBF-4FCBE1B0C497}.Debug|Any CPU.Build.0 = Debug|Any CPU
		{8C9F6448-68F1-4F47-ABBF-4FCBE1B0C497}.Release|Any CPU.ActiveCfg = Release|Any CPU
		{8C9F6448-68F1-4F47-ABBF-4FCBE1B0C497}.Release|Any CPU.Build.0 = Release|Any CPU
		{98A07E64-5956-478D-9E36-238FBF586C12}.Debug|Any CPU.ActiveCfg = Debug|Any CPU
		{98A07E64-5956-478D-9E36-238FBF586C12}.Debug|Any CPU.Build.0 = Debug|Any CPU
		{98A07E64-5956-478D-9E36-238FBF586C12}.Release|Any CPU.ActiveCfg = Release|Any CPU
		{98A07E64-5956-478D-9E36-238FBF586C12}.Release|Any CPU.Build.0 = Release|Any CPU
		{264E0D28-6EFD-46EA-9B24-4059A3A33C02}.Debug|Any CPU.ActiveCfg = Debug|Any CPU
		{264E0D28-6EFD-46EA-9B24-4059A3A33C02}.Debug|Any CPU.Build.0 = Debug|Any CPU
		{264E0D28-6EFD-46EA-9B24-4059A3A33C02}.Release|Any CPU.ActiveCfg = Release|Any CPU
		{264E0D28-6EFD-46EA-9B24-4059A3A33C02}.Release|Any CPU.Build.0 = Release|Any CPU
		{25A21F6A-F610-408F-AC11-811DBAEB12D7}.Debug|Any CPU.ActiveCfg = Debug|Any CPU
		{25A21F6A-F610-408F-AC11-811DBAEB12D7}.Debug|Any CPU.Build.0 = Debug|Any CPU
		{25A21F6A-F610-408F-AC11-811DBAEB12D7}.Release|Any CPU.ActiveCfg = Release|Any CPU
		{25A21F6A-F610-408F-AC11-811DBAEB12D7}.Release|Any CPU.Build.0 = Release|Any CPU
		{AFF3E30D-8516-41FE-AAA6-5201A24FE827}.Debug|Any CPU.ActiveCfg = Debug|Any CPU
		{AFF3E30D-8516-41FE-AAA6-5201A24FE827}.Debug|Any CPU.Build.0 = Debug|Any CPU
		{AFF3E30D-8516-41FE-AAA6-5201A24FE827}.Release|Any CPU.ActiveCfg = Release|Any CPU
		{AFF3E30D-8516-41FE-AAA6-5201A24FE827}.Release|Any CPU.Build.0 = Release|Any CPU
		{A116FA5D-5B54-4AEB-9E6F-E7E792999534}.Debug|Any CPU.ActiveCfg = Debug|Any CPU
		{A116FA5D-5B54-4AEB-9E6F-E7E792999534}.Debug|Any CPU.Build.0 = Debug|Any CPU
		{A116FA5D-5B54-4AEB-9E6F-E7E792999534}.Release|Any CPU.ActiveCfg = Release|Any CPU
		{A116FA5D-5B54-4AEB-9E6F-E7E792999534}.Release|Any CPU.Build.0 = Release|Any CPU
		{C4E75B5E-FC1D-451A-A634-127249AE3929}.Debug|Any CPU.ActiveCfg = Debug|Any CPU
		{C4E75B5E-FC1D-451A-A634-127249AE3929}.Debug|Any CPU.Build.0 = Debug|Any CPU
		{C4E75B5E-FC1D-451A-A634-127249AE3929}.Release|Any CPU.ActiveCfg = Release|Any CPU
		{C4E75B5E-FC1D-451A-A634-127249AE3929}.Release|Any CPU.Build.0 = Release|Any CPU
		{D10DED6E-B09F-46FE-AF46-8FA207038B85}.Debug|Any CPU.ActiveCfg = Debug|Any CPU
		{D10DED6E-B09F-46FE-AF46-8FA207038B85}.Debug|Any CPU.Build.0 = Debug|Any CPU
		{D10DED6E-B09F-46FE-AF46-8FA207038B85}.Release|Any CPU.ActiveCfg = Release|Any CPU
		{D10DED6E-B09F-46FE-AF46-8FA207038B85}.Release|Any CPU.Build.0 = Release|Any CPU
		{65BF89FE-8609-46A2-95D1-2AB6D12DDA1A}.Debug|Any CPU.ActiveCfg = Debug|Any CPU
		{65BF89FE-8609-46A2-95D1-2AB6D12DDA1A}.Debug|Any CPU.Build.0 = Debug|Any CPU
		{65BF89FE-8609-46A2-95D1-2AB6D12DDA1A}.Release|Any CPU.ActiveCfg = Release|Any CPU
		{65BF89FE-8609-46A2-95D1-2AB6D12DDA1A}.Release|Any CPU.Build.0 = Release|Any CPU
		{612C17C8-15EF-4005-8498-4BAE1493B6D5}.Debug|Any CPU.ActiveCfg = Debug|Any CPU
		{612C17C8-15EF-4005-8498-4BAE1493B6D5}.Debug|Any CPU.Build.0 = Debug|Any CPU
		{612C17C8-15EF-4005-8498-4BAE1493B6D5}.Release|Any CPU.ActiveCfg = Release|Any CPU
		{612C17C8-15EF-4005-8498-4BAE1493B6D5}.Release|Any CPU.Build.0 = Release|Any CPU
		{7FA5F528-5649-4EF5-BFBF-DC11D6DF4EC6}.Debug|Any CPU.ActiveCfg = Debug|Any CPU
		{7FA5F528-5649-4EF5-BFBF-DC11D6DF4EC6}.Debug|Any CPU.Build.0 = Debug|Any CPU
		{7FA5F528-5649-4EF5-BFBF-DC11D6DF4EC6}.Release|Any CPU.ActiveCfg = Release|Any CPU
		{7FA5F528-5649-4EF5-BFBF-DC11D6DF4EC6}.Release|Any CPU.Build.0 = Release|Any CPU
		{01C9DC70-A2B1-4BB7-958D-9F12E37EDB6F}.Debug|Any CPU.ActiveCfg = Debug|Any CPU
		{01C9DC70-A2B1-4BB7-958D-9F12E37EDB6F}.Debug|Any CPU.Build.0 = Debug|Any CPU
		{01C9DC70-A2B1-4BB7-958D-9F12E37EDB6F}.Release|Any CPU.ActiveCfg = Release|Any CPU
		{01C9DC70-A2B1-4BB7-958D-9F12E37EDB6F}.Release|Any CPU.Build.0 = Release|Any CPU
		{FF88046F-46A8-45D9-825F-4DE92ECFEB2E}.Debug|Any CPU.ActiveCfg = Debug|Any CPU
		{FF88046F-46A8-45D9-825F-4DE92ECFEB2E}.Debug|Any CPU.Build.0 = Debug|Any CPU
		{FF88046F-46A8-45D9-825F-4DE92ECFEB2E}.Release|Any CPU.ActiveCfg = Release|Any CPU
		{FF88046F-46A8-45D9-825F-4DE92ECFEB2E}.Release|Any CPU.Build.0 = Release|Any CPU
		{E0BC6A06-EC4D-4242-8E44-3D9B27C1BC74}.Debug|Any CPU.ActiveCfg = Debug|Any CPU
		{E0BC6A06-EC4D-4242-8E44-3D9B27C1BC74}.Debug|Any CPU.Build.0 = Debug|Any CPU
		{E0BC6A06-EC4D-4242-8E44-3D9B27C1BC74}.Release|Any CPU.ActiveCfg = Release|Any CPU
		{E0BC6A06-EC4D-4242-8E44-3D9B27C1BC74}.Release|Any CPU.Build.0 = Release|Any CPU
		{C0CADE2A-1E33-4077-BDF8-E357A2869B8F}.Debug|Any CPU.ActiveCfg = Debug|Any CPU
		{C0CADE2A-1E33-4077-BDF8-E357A2869B8F}.Debug|Any CPU.Build.0 = Debug|Any CPU
		{C0CADE2A-1E33-4077-BDF8-E357A2869B8F}.Release|Any CPU.ActiveCfg = Release|Any CPU
		{C0CADE2A-1E33-4077-BDF8-E357A2869B8F}.Release|Any CPU.Build.0 = Release|Any CPU
		{1DE1049C-F6CC-4F02-B2E3-6537A55C4CA7}.Debug|Any CPU.ActiveCfg = Debug|Any CPU
		{1DE1049C-F6CC-4F02-B2E3-6537A55C4CA7}.Debug|Any CPU.Build.0 = Debug|Any CPU
		{1DE1049C-F6CC-4F02-B2E3-6537A55C4CA7}.Release|Any CPU.ActiveCfg = Release|Any CPU
		{1DE1049C-F6CC-4F02-B2E3-6537A55C4CA7}.Release|Any CPU.Build.0 = Release|Any CPU
		{EA69997D-ED6E-41C4-BBB6-551872BA3390}.Debug|Any CPU.ActiveCfg = Debug|Any CPU
		{EA69997D-ED6E-41C4-BBB6-551872BA3390}.Debug|Any CPU.Build.0 = Debug|Any CPU
		{EA69997D-ED6E-41C4-BBB6-551872BA3390}.Release|Any CPU.ActiveCfg = Release|Any CPU
		{EA69997D-ED6E-41C4-BBB6-551872BA3390}.Release|Any CPU.Build.0 = Release|Any CPU
		{34270256-924E-4BB6-AF7A-F1CB2BD5EC02}.Debug|Any CPU.ActiveCfg = Debug|Any CPU
		{34270256-924E-4BB6-AF7A-F1CB2BD5EC02}.Debug|Any CPU.Build.0 = Debug|Any CPU
		{34270256-924E-4BB6-AF7A-F1CB2BD5EC02}.Release|Any CPU.ActiveCfg = Release|Any CPU
		{34270256-924E-4BB6-AF7A-F1CB2BD5EC02}.Release|Any CPU.Build.0 = Release|Any CPU
		{8E664812-D00A-4810-9785-C62ED11CD2F6}.Debug|Any CPU.ActiveCfg = Debug|Any CPU
		{8E664812-D00A-4810-9785-C62ED11CD2F6}.Debug|Any CPU.Build.0 = Debug|Any CPU
		{8E664812-D00A-4810-9785-C62ED11CD2F6}.Release|Any CPU.ActiveCfg = Release|Any CPU
		{8E664812-D00A-4810-9785-C62ED11CD2F6}.Release|Any CPU.Build.0 = Release|Any CPU
		{4949D53B-01B9-4229-971E-3D6569D478E4}.Debug|Any CPU.ActiveCfg = Debug|Any CPU
		{4949D53B-01B9-4229-971E-3D6569D478E4}.Debug|Any CPU.Build.0 = Debug|Any CPU
		{4949D53B-01B9-4229-971E-3D6569D478E4}.Release|Any CPU.ActiveCfg = Release|Any CPU
		{4949D53B-01B9-4229-971E-3D6569D478E4}.Release|Any CPU.Build.0 = Release|Any CPU
		{1E216A45-8F18-4267-9D96-F929DF918B86}.Debug|Any CPU.ActiveCfg = Debug|Any CPU
		{1E216A45-8F18-4267-9D96-F929DF918B86}.Debug|Any CPU.Build.0 = Debug|Any CPU
		{1E216A45-8F18-4267-9D96-F929DF918B86}.Release|Any CPU.ActiveCfg = Release|Any CPU
		{1E216A45-8F18-4267-9D96-F929DF918B86}.Release|Any CPU.Build.0 = Release|Any CPU
		{B7D8DC06-4AD4-474A-8695-8BD353B904AE}.Debug|Any CPU.ActiveCfg = Debug|Any CPU
		{B7D8DC06-4AD4-474A-8695-8BD353B904AE}.Debug|Any CPU.Build.0 = Debug|Any CPU
		{B7D8DC06-4AD4-474A-8695-8BD353B904AE}.Release|Any CPU.ActiveCfg = Release|Any CPU
		{B7D8DC06-4AD4-474A-8695-8BD353B904AE}.Release|Any CPU.Build.0 = Release|Any CPU
		{B2293139-2B7E-4E73-9101-387E712C1ED1}.Debug|Any CPU.ActiveCfg = Debug|Any CPU
		{B2293139-2B7E-4E73-9101-387E712C1ED1}.Debug|Any CPU.Build.0 = Debug|Any CPU
		{B2293139-2B7E-4E73-9101-387E712C1ED1}.Release|Any CPU.ActiveCfg = Release|Any CPU
		{B2293139-2B7E-4E73-9101-387E712C1ED1}.Release|Any CPU.Build.0 = Release|Any CPU
	EndGlobalSection
	GlobalSection(SolutionProperties) = preSolution
		HideSolutionNode = FALSE
	EndGlobalSection
	GlobalSection(NestedProjects) = preSolution
		{580899ED-37C5-4D7A-85DE-F96D4B45394C} = {5EEB95C5-8A92-425E-8CB9-3CE4251AC188}
		{30027D73-4754-4044-A853-856657C89FE3} = {5EEB95C5-8A92-425E-8CB9-3CE4251AC188}
		{8FABA0CC-8F37-4E01-AF6D-236A7A50FA08} = {5EEB95C5-8A92-425E-8CB9-3CE4251AC188}
		{EB71F8ED-71F5-4C10-8FAF-D8C72084BA83} = {5EEB95C5-8A92-425E-8CB9-3CE4251AC188}
		{7D5C7308-31A4-4468-83AD-12C8FB9B51EF} = {5EEB95C5-8A92-425E-8CB9-3CE4251AC188}
		{6A7003C8-4D5F-4398-94B6-F04F0F70A836} = {5EEB95C5-8A92-425E-8CB9-3CE4251AC188}
		{6E36D3D8-FE6E-4A7C-9691-CEE715ADFB69} = {5EEB95C5-8A92-425E-8CB9-3CE4251AC188}
		{CCC3EA9B-54C2-49A8-94DE-0BFA172728A7} = {5FF21627-BE72-44E7-A785-9C9B0B387475}
		{F36FD3E3-0F2B-4F30-9812-C10A6F28E710} = {5FF21627-BE72-44E7-A785-9C9B0B387475}
		{8F9D525A-A66C-4FF2-987A-DCA2095DFB58} = {D16D4D6B-7DCC-4598-A12D-F7ED87D566C8}
		{4ABA8EC1-3825-4828-A933-E1D9E9E5CDE6} = {E92ADADA-E827-4B02-AD79-226177F32478}
		{0335DA86-7B34-46CD-AD19-EF26FAAEDFBD} = {BD75798C-3B2B-48C0-999D-B791D8052F80}
		{8B33A9AF-C499-4280-8F33-C8EECD5B4B8D} = {C65B37D6-3FCB-4E86-8E79-5FFCEBE4AA70}
		{E1A9F936-7D84-4565-BF07-BA395FF2FFF5} = {E68F35A5-9104-473B-8C85-E7E52A87DFD3}
		{8C9F6448-68F1-4F47-ABBF-4FCBE1B0C497} = {0C5EAFEF-22FB-46E5-8427-192421092885}
		{98A07E64-5956-478D-9E36-238FBF586C12} = {F8DDB47D-9975-4F2C-BE54-687106792648}
		{264E0D28-6EFD-46EA-9B24-4059A3A33C02} = {ED1E9D08-A7D2-4A66-BE63-422D72949E22}
		{25A21F6A-F610-408F-AC11-811DBAEB12D7} = {ED1E9D08-A7D2-4A66-BE63-422D72949E22}
		{AFF3E30D-8516-41FE-AAA6-5201A24FE827} = {A467ADD6-D80C-4572-9263-1A40C2AD339E}
		{C4E75B5E-FC1D-451A-A634-127249AE3929} = {F8DDB47D-9975-4F2C-BE54-687106792648}
		{D10DED6E-B09F-46FE-AF46-8FA207038B85} = {D31A8ABC-431E-4F45-A157-8C2A6CC02CE9}
		{65BF89FE-8609-46A2-95D1-2AB6D12DDA1A} = {D31A8ABC-431E-4F45-A157-8C2A6CC02CE9}
		{612C17C8-15EF-4005-8498-4BAE1493B6D5} = {D5D4EB2F-AFE7-45E0-ACD5-A2B7966E2856}
		{7FA5F528-5649-4EF5-BFBF-DC11D6DF4EC6} = {A84AE013-51C9-411E-9111-ADCC4FDC8980}
		{01C9DC70-A2B1-4BB7-958D-9F12E37EDB6F} = {12FADC25-78C6-4282-83EF-12321514409A}
		{FF88046F-46A8-45D9-825F-4DE92ECFEB2E} = {12FADC25-78C6-4282-83EF-12321514409A}
		{E0BC6A06-EC4D-4242-8E44-3D9B27C1BC74} = {18F447C1-5E32-4E40-92FE-A2F4C676D4D2}
		{C0CADE2A-1E33-4077-BDF8-E357A2869B8F} = {9BED4F40-9004-4754-81E3-7034FB0B228D}
		{1DE1049C-F6CC-4F02-B2E3-6537A55C4CA7} = {6FB03C2C-F086-4A9C-A30B-23527658A837}
		{EA69997D-ED6E-41C4-BBB6-551872BA3390} = {CCDA10DF-5D1C-416B-B1B8-FE39A3050314}
		{34270256-924E-4BB6-AF7A-F1CB2BD5EC02} = {CCDA10DF-5D1C-416B-B1B8-FE39A3050314}
		{8E664812-D00A-4810-9785-C62ED11CD2F6} = {6FB03C2C-F086-4A9C-A30B-23527658A837}
		{4949D53B-01B9-4229-971E-3D6569D478E4} = {ED1E9D08-A7D2-4A66-BE63-422D72949E22}
		{1E216A45-8F18-4267-9D96-F929DF918B86} = {A84AE013-51C9-411E-9111-ADCC4FDC8980}
		{B7D8DC06-4AD4-474A-8695-8BD353B904AE} = {6FB03C2C-F086-4A9C-A30B-23527658A837}
		{B2293139-2B7E-4E73-9101-387E712C1ED1} = {B73498F3-693A-49C3-8F10-1A17724C113E}
	EndGlobalSection
	GlobalSection(ExtensibilityGlobals) = postSolution
		SolutionGuid = {8C7CF08D-43A7-4D44-9082-10CBDFE801E5}
	EndGlobalSection
EndGlobal
