
Microsoft Visual Studio Solution File, Format Version 12.00
# Visual Studio Version 17
VisualStudioVersion = 17.11.35017.193
MinimumVisualStudioVersion = 10.0.40219.1
Project("{9A19103F-16F7-4668-BE54-9A1E7A4F7556}") = "Connector.XL", "src\Connector.XL\Connector.XL.csproj", "{973AEA88-6881-4EC8-8ED9-7482ABBF4336}"
EndProject
Project("{9A19103F-16F7-4668-BE54-9A1E7A4F7556}") = "Connector.XL.UnitTests", "test\Connector.XL.UnitTests\Connector.XL.UnitTests.csproj", "{E8FB67DD-DA85-4E04-9F4A-B846B3F04970}"
EndProject
Project("{2150E333-8FDC-42A3-9474-1A3956D46DE8}") = ".github", ".github", "{F14138BE-9F65-4995-A1F0-B2A1D6A0396C}"
	ProjectSection(SolutionItems) = preProject
		..\..\..\.github\workflows\connector.xl.yml = ..\..\..\.github\workflows\connector.xl.yml
	EndProjectSection
EndProject
Global
	GlobalSection(SolutionConfigurationPlatforms) = preSolution
		Debug|Any CPU = Debug|Any CPU
		Release|Any CPU = Release|Any CPU
	EndGlobalSection
	GlobalSection(ProjectConfigurationPlatforms) = postSolution
		{973AEA88-6881-4EC8-8ED9-7482ABBF4336}.Debug|Any CPU.ActiveCfg = Debug|Any CPU
		{973AEA88-6881-4EC8-8ED9-7482ABBF4336}.Debug|Any CPU.Build.0 = Debug|Any CPU
		{973AEA88-6881-4EC8-8ED9-7482ABBF4336}.Release|Any CPU.ActiveCfg = Release|Any CPU
		{973AEA88-6881-4EC8-8ED9-7482ABBF4336}.Release|Any CPU.Build.0 = Release|Any CPU
		{E8FB67DD-DA85-4E04-9F4A-B846B3F04970}.Debug|Any CPU.ActiveCfg = Debug|Any CPU
		{E8FB67DD-DA85-4E04-9F4A-B846B3F04970}.Debug|Any CPU.Build.0 = Debug|Any CPU
		{E8FB67DD-DA85-4E04-9F4A-B846B3F04970}.Release|Any CPU.ActiveCfg = Release|Any CPU
		{E8FB67DD-DA85-4E04-9F4A-B846B3F04970}.Release|Any CPU.Build.0 = Release|Any CPU
	EndGlobalSection
	GlobalSection(SolutionProperties) = preSolution
		HideSolutionNode = FALSE
	EndGlobalSection
	GlobalSection(ExtensibilityGlobals) = postSolution
		SolutionGuid = {2700D9BE-1C32-4BE3-9B61-2174AAA7F4B9}
	EndGlobalSection
EndGlobal
