
Microsoft Visual Studio Solution File, Format Version 12.00
# Visual Studio Version 17
VisualStudioVersion = 17.4.33205.214
MinimumVisualStudioVersion = 15.0.26124.0
Project("{2150E333-8FDC-42A3-9474-1A3956D46DE8}") = "src", "src", "{C36488AB-175F-4F48-AC01-C5590AF6420A}"
EndProject
Project("{9A19103F-16F7-4668-BE54-9A1E7A4F7556}") = "WorkflowCore", "src\WorkflowCore\WorkflowCore.csproj", "{93B4828F-F7B0-427E-96B3-E30E06CFC308}"
EndProject
Project("{2150E333-8FDC-42A3-9474-1A3956D46DE8}") = "test", "test", "{A8204893-3534-46AE-90A8-884482517B79}"
EndProject
Project("{9A19103F-16F7-4668-BE54-9A1E7A4F7556}") = "WorkflowCore.Test", "test\WorkflowCore.Test\WorkflowCore.Test.csproj", "{8DF070EC-EC6E-4F33-B33B-3C53E63E04E7}"
EndProject
Project("{2150E333-8FDC-42A3-9474-1A3956D46DE8}") = "Solution Items", "Solution Items", "{071D8A2B-9B2C-4094-A0BA-4A3719BC64C7}"
	ProjectSection(SolutionItems) = preProject
		azure-pipelines-analysis.yml = azure-pipelines-analysis.yml
		azure-pipelines.yml = azure-pipelines.yml
		NuGet.config = NuGet.config
	EndProjectSection
EndProject
Project("{9A19103F-16F7-4668-BE54-9A1E7A4F7556}") = "Willow.Scheduler", "Willow.Scheduler\Willow.Scheduler.csproj", "{716BFDE5-731B-4195-8B7B-1D79E975E742}"
EndProject
Project("{9A19103F-16F7-4668-BE54-9A1E7A4F7556}") = "Scheduler.Service.UnitTests", "test\Scheduler.Service.UnitTests\Scheduler.Service.UnitTests.csproj", "{93BF0D91-5FA7-4282-A722-E24EE2A4B892}"
EndProject
Project("{2150E333-8FDC-42A3-9474-1A3956D46DE8}") = "libs", "libs", "{274B8E34-2BFD-465B-A90E-E89CE0812E02}"
EndProject
Project("{9A19103F-16F7-4668-BE54-9A1E7A4F7556}") = "Willow.Calendar", "..\..\lib\src\Willow.Calendar\Willow.Calendar.csproj", "{4BFE746E-DC60-4524-93A4-A2567A642683}"
EndProject
Project("{9A19103F-16F7-4668-BE54-9A1E7A4F7556}") = "Willow.Api.Client", "..\..\lib\src\Willow.Api.Client\Willow.Api.Client.csproj", "{9822C27C-9C3D-499A-82CA-9F0A0DD6B66E}"
EndProject
Project("{9A19103F-16F7-4668-BE54-9A1E7A4F7556}") = "Willow.Common", "..\..\lib\src\Willow.Common\Willow.Common.csproj", "{AB43A094-FFF6-4EF4-B2FA-54EB6F9D460F}"
EndProject
Project("{9A19103F-16F7-4668-BE54-9A1E7A4F7556}") = "Willow.Data", "..\..\lib\src\Willow.Data\Willow.Data.csproj", "{DE227FBF-7543-4943-B9D3-BFD7B942C552}"
EndProject
Project("{9A19103F-16F7-4668-BE54-9A1E7A4F7556}") = "Willow.Data.Rest", "..\..\lib\src\Willow.Data.Rest\Willow.Data.Rest.csproj", "{E3C2E8EF-8E49-4619-8911-672B9E3EE4E7}"
EndProject
Project("{9A19103F-16F7-4668-BE54-9A1E7A4F7556}") = "Willow.Logging", "..\..\lib\src\Willow.Logging\Willow.Logging.csproj", "{C5338798-AB02-417E-BED7-055D0D711A64}"
EndProject
Project("{9A19103F-16F7-4668-BE54-9A1E7A4F7556}") = "Willow.Directory.Models", "..\..\lib\src\Willow.Directory.Models\Willow.Directory.Models.csproj", "{CB25F178-9610-4E17-AAF4-3D6E7AA076F6}"
EndProject
Global
	GlobalSection(SolutionConfigurationPlatforms) = preSolution
		Debug|Any CPU = Debug|Any CPU
		Debug|x64 = Debug|x64
		Debug|x86 = Debug|x86
		Release|Any CPU = Release|Any CPU
		Release|x64 = Release|x64
		Release|x86 = Release|x86
	EndGlobalSection
	GlobalSection(ProjectConfigurationPlatforms) = postSolution
		{93B4828F-F7B0-427E-96B3-E30E06CFC308}.Debug|Any CPU.ActiveCfg = Debug|Any CPU
		{93B4828F-F7B0-427E-96B3-E30E06CFC308}.Debug|Any CPU.Build.0 = Debug|Any CPU
		{93B4828F-F7B0-427E-96B3-E30E06CFC308}.Debug|x64.ActiveCfg = Debug|Any CPU
		{93B4828F-F7B0-427E-96B3-E30E06CFC308}.Debug|x64.Build.0 = Debug|Any CPU
		{93B4828F-F7B0-427E-96B3-E30E06CFC308}.Debug|x86.ActiveCfg = Debug|Any CPU
		{93B4828F-F7B0-427E-96B3-E30E06CFC308}.Debug|x86.Build.0 = Debug|Any CPU
		{93B4828F-F7B0-427E-96B3-E30E06CFC308}.Release|Any CPU.ActiveCfg = Release|Any CPU
		{93B4828F-F7B0-427E-96B3-E30E06CFC308}.Release|Any CPU.Build.0 = Release|Any CPU
		{93B4828F-F7B0-427E-96B3-E30E06CFC308}.Release|x64.ActiveCfg = Release|Any CPU
		{93B4828F-F7B0-427E-96B3-E30E06CFC308}.Release|x64.Build.0 = Release|Any CPU
		{93B4828F-F7B0-427E-96B3-E30E06CFC308}.Release|x86.ActiveCfg = Release|Any CPU
		{93B4828F-F7B0-427E-96B3-E30E06CFC308}.Release|x86.Build.0 = Release|Any CPU
		{8DF070EC-EC6E-4F33-B33B-3C53E63E04E7}.Debug|Any CPU.ActiveCfg = Debug|Any CPU
		{8DF070EC-EC6E-4F33-B33B-3C53E63E04E7}.Debug|Any CPU.Build.0 = Debug|Any CPU
		{8DF070EC-EC6E-4F33-B33B-3C53E63E04E7}.Debug|x64.ActiveCfg = Debug|Any CPU
		{8DF070EC-EC6E-4F33-B33B-3C53E63E04E7}.Debug|x64.Build.0 = Debug|Any CPU
		{8DF070EC-EC6E-4F33-B33B-3C53E63E04E7}.Debug|x86.ActiveCfg = Debug|Any CPU
		{8DF070EC-EC6E-4F33-B33B-3C53E63E04E7}.Debug|x86.Build.0 = Debug|Any CPU
		{8DF070EC-EC6E-4F33-B33B-3C53E63E04E7}.Release|Any CPU.ActiveCfg = Release|Any CPU
		{8DF070EC-EC6E-4F33-B33B-3C53E63E04E7}.Release|Any CPU.Build.0 = Release|Any CPU
		{8DF070EC-EC6E-4F33-B33B-3C53E63E04E7}.Release|x64.ActiveCfg = Release|Any CPU
		{8DF070EC-EC6E-4F33-B33B-3C53E63E04E7}.Release|x64.Build.0 = Release|Any CPU
		{8DF070EC-EC6E-4F33-B33B-3C53E63E04E7}.Release|x86.ActiveCfg = Release|Any CPU
		{8DF070EC-EC6E-4F33-B33B-3C53E63E04E7}.Release|x86.Build.0 = Release|Any CPU
		{716BFDE5-731B-4195-8B7B-1D79E975E742}.Debug|Any CPU.ActiveCfg = Debug|Any CPU
		{716BFDE5-731B-4195-8B7B-1D79E975E742}.Debug|Any CPU.Build.0 = Debug|Any CPU
		{716BFDE5-731B-4195-8B7B-1D79E975E742}.Debug|x64.ActiveCfg = Debug|Any CPU
		{716BFDE5-731B-4195-8B7B-1D79E975E742}.Debug|x64.Build.0 = Debug|Any CPU
		{716BFDE5-731B-4195-8B7B-1D79E975E742}.Debug|x86.ActiveCfg = Debug|Any CPU
		{716BFDE5-731B-4195-8B7B-1D79E975E742}.Debug|x86.Build.0 = Debug|Any CPU
		{716BFDE5-731B-4195-8B7B-1D79E975E742}.Release|Any CPU.ActiveCfg = Release|Any CPU
		{716BFDE5-731B-4195-8B7B-1D79E975E742}.Release|Any CPU.Build.0 = Release|Any CPU
		{716BFDE5-731B-4195-8B7B-1D79E975E742}.Release|x64.ActiveCfg = Release|Any CPU
		{716BFDE5-731B-4195-8B7B-1D79E975E742}.Release|x64.Build.0 = Release|Any CPU
		{716BFDE5-731B-4195-8B7B-1D79E975E742}.Release|x86.ActiveCfg = Release|Any CPU
		{716BFDE5-731B-4195-8B7B-1D79E975E742}.Release|x86.Build.0 = Release|Any CPU
		{93BF0D91-5FA7-4282-A722-E24EE2A4B892}.Debug|Any CPU.ActiveCfg = Debug|Any CPU
		{93BF0D91-5FA7-4282-A722-E24EE2A4B892}.Debug|Any CPU.Build.0 = Debug|Any CPU
		{93BF0D91-5FA7-4282-A722-E24EE2A4B892}.Debug|x64.ActiveCfg = Debug|Any CPU
		{93BF0D91-5FA7-4282-A722-E24EE2A4B892}.Debug|x64.Build.0 = Debug|Any CPU
		{93BF0D91-5FA7-4282-A722-E24EE2A4B892}.Debug|x86.ActiveCfg = Debug|Any CPU
		{93BF0D91-5FA7-4282-A722-E24EE2A4B892}.Debug|x86.Build.0 = Debug|Any CPU
		{93BF0D91-5FA7-4282-A722-E24EE2A4B892}.Release|Any CPU.ActiveCfg = Release|Any CPU
		{93BF0D91-5FA7-4282-A722-E24EE2A4B892}.Release|Any CPU.Build.0 = Release|Any CPU
		{93BF0D91-5FA7-4282-A722-E24EE2A4B892}.Release|x64.ActiveCfg = Release|Any CPU
		{93BF0D91-5FA7-4282-A722-E24EE2A4B892}.Release|x64.Build.0 = Release|Any CPU
		{93BF0D91-5FA7-4282-A722-E24EE2A4B892}.Release|x86.ActiveCfg = Release|Any CPU
		{93BF0D91-5FA7-4282-A722-E24EE2A4B892}.Release|x86.Build.0 = Release|Any CPU
		{4BFE746E-DC60-4524-93A4-A2567A642683}.Debug|Any CPU.ActiveCfg = Debug|Any CPU
		{4BFE746E-DC60-4524-93A4-A2567A642683}.Debug|Any CPU.Build.0 = Debug|Any CPU
		{4BFE746E-DC60-4524-93A4-A2567A642683}.Debug|x64.ActiveCfg = Debug|Any CPU
		{4BFE746E-DC60-4524-93A4-A2567A642683}.Debug|x64.Build.0 = Debug|Any CPU
		{4BFE746E-DC60-4524-93A4-A2567A642683}.Debug|x86.ActiveCfg = Debug|Any CPU
		{4BFE746E-DC60-4524-93A4-A2567A642683}.Debug|x86.Build.0 = Debug|Any CPU
		{4BFE746E-DC60-4524-93A4-A2567A642683}.Release|Any CPU.ActiveCfg = Release|Any CPU
		{4BFE746E-DC60-4524-93A4-A2567A642683}.Release|Any CPU.Build.0 = Release|Any CPU
		{4BFE746E-DC60-4524-93A4-A2567A642683}.Release|x64.ActiveCfg = Release|Any CPU
		{4BFE746E-DC60-4524-93A4-A2567A642683}.Release|x64.Build.0 = Release|Any CPU
		{4BFE746E-DC60-4524-93A4-A2567A642683}.Release|x86.ActiveCfg = Release|Any CPU
		{4BFE746E-DC60-4524-93A4-A2567A642683}.Release|x86.Build.0 = Release|Any CPU
		{9822C27C-9C3D-499A-82CA-9F0A0DD6B66E}.Debug|Any CPU.ActiveCfg = Debug|Any CPU
		{9822C27C-9C3D-499A-82CA-9F0A0DD6B66E}.Debug|Any CPU.Build.0 = Debug|Any CPU
		{9822C27C-9C3D-499A-82CA-9F0A0DD6B66E}.Debug|x64.ActiveCfg = Debug|Any CPU
		{9822C27C-9C3D-499A-82CA-9F0A0DD6B66E}.Debug|x64.Build.0 = Debug|Any CPU
		{9822C27C-9C3D-499A-82CA-9F0A0DD6B66E}.Debug|x86.ActiveCfg = Debug|Any CPU
		{9822C27C-9C3D-499A-82CA-9F0A0DD6B66E}.Debug|x86.Build.0 = Debug|Any CPU
		{9822C27C-9C3D-499A-82CA-9F0A0DD6B66E}.Release|Any CPU.ActiveCfg = Release|Any CPU
		{9822C27C-9C3D-499A-82CA-9F0A0DD6B66E}.Release|Any CPU.Build.0 = Release|Any CPU
		{9822C27C-9C3D-499A-82CA-9F0A0DD6B66E}.Release|x64.ActiveCfg = Release|Any CPU
		{9822C27C-9C3D-499A-82CA-9F0A0DD6B66E}.Release|x64.Build.0 = Release|Any CPU
		{9822C27C-9C3D-499A-82CA-9F0A0DD6B66E}.Release|x86.ActiveCfg = Release|Any CPU
		{9822C27C-9C3D-499A-82CA-9F0A0DD6B66E}.Release|x86.Build.0 = Release|Any CPU
		{AB43A094-FFF6-4EF4-B2FA-54EB6F9D460F}.Debug|Any CPU.ActiveCfg = Debug|Any CPU
		{AB43A094-FFF6-4EF4-B2FA-54EB6F9D460F}.Debug|Any CPU.Build.0 = Debug|Any CPU
		{AB43A094-FFF6-4EF4-B2FA-54EB6F9D460F}.Debug|x64.ActiveCfg = Debug|Any CPU
		{AB43A094-FFF6-4EF4-B2FA-54EB6F9D460F}.Debug|x64.Build.0 = Debug|Any CPU
		{AB43A094-FFF6-4EF4-B2FA-54EB6F9D460F}.Debug|x86.ActiveCfg = Debug|Any CPU
		{AB43A094-FFF6-4EF4-B2FA-54EB6F9D460F}.Debug|x86.Build.0 = Debug|Any CPU
		{AB43A094-FFF6-4EF4-B2FA-54EB6F9D460F}.Release|Any CPU.ActiveCfg = Release|Any CPU
		{AB43A094-FFF6-4EF4-B2FA-54EB6F9D460F}.Release|Any CPU.Build.0 = Release|Any CPU
		{AB43A094-FFF6-4EF4-B2FA-54EB6F9D460F}.Release|x64.ActiveCfg = Release|Any CPU
		{AB43A094-FFF6-4EF4-B2FA-54EB6F9D460F}.Release|x64.Build.0 = Release|Any CPU
		{AB43A094-FFF6-4EF4-B2FA-54EB6F9D460F}.Release|x86.ActiveCfg = Release|Any CPU
		{AB43A094-FFF6-4EF4-B2FA-54EB6F9D460F}.Release|x86.Build.0 = Release|Any CPU
		{DE227FBF-7543-4943-B9D3-BFD7B942C552}.Debug|Any CPU.ActiveCfg = Debug|Any CPU
		{DE227FBF-7543-4943-B9D3-BFD7B942C552}.Debug|Any CPU.Build.0 = Debug|Any CPU
		{DE227FBF-7543-4943-B9D3-BFD7B942C552}.Debug|x64.ActiveCfg = Debug|Any CPU
		{DE227FBF-7543-4943-B9D3-BFD7B942C552}.Debug|x64.Build.0 = Debug|Any CPU
		{DE227FBF-7543-4943-B9D3-BFD7B942C552}.Debug|x86.ActiveCfg = Debug|Any CPU
		{DE227FBF-7543-4943-B9D3-BFD7B942C552}.Debug|x86.Build.0 = Debug|Any CPU
		{DE227FBF-7543-4943-B9D3-BFD7B942C552}.Release|Any CPU.ActiveCfg = Release|Any CPU
		{DE227FBF-7543-4943-B9D3-BFD7B942C552}.Release|Any CPU.Build.0 = Release|Any CPU
		{DE227FBF-7543-4943-B9D3-BFD7B942C552}.Release|x64.ActiveCfg = Release|Any CPU
		{DE227FBF-7543-4943-B9D3-BFD7B942C552}.Release|x64.Build.0 = Release|Any CPU
		{DE227FBF-7543-4943-B9D3-BFD7B942C552}.Release|x86.ActiveCfg = Release|Any CPU
		{DE227FBF-7543-4943-B9D3-BFD7B942C552}.Release|x86.Build.0 = Release|Any CPU
		{E3C2E8EF-8E49-4619-8911-672B9E3EE4E7}.Debug|Any CPU.ActiveCfg = Debug|Any CPU
		{E3C2E8EF-8E49-4619-8911-672B9E3EE4E7}.Debug|Any CPU.Build.0 = Debug|Any CPU
		{E3C2E8EF-8E49-4619-8911-672B9E3EE4E7}.Debug|x64.ActiveCfg = Debug|Any CPU
		{E3C2E8EF-8E49-4619-8911-672B9E3EE4E7}.Debug|x64.Build.0 = Debug|Any CPU
		{E3C2E8EF-8E49-4619-8911-672B9E3EE4E7}.Debug|x86.ActiveCfg = Debug|Any CPU
		{E3C2E8EF-8E49-4619-8911-672B9E3EE4E7}.Debug|x86.Build.0 = Debug|Any CPU
		{E3C2E8EF-8E49-4619-8911-672B9E3EE4E7}.Release|Any CPU.ActiveCfg = Release|Any CPU
		{E3C2E8EF-8E49-4619-8911-672B9E3EE4E7}.Release|Any CPU.Build.0 = Release|Any CPU
		{E3C2E8EF-8E49-4619-8911-672B9E3EE4E7}.Release|x64.ActiveCfg = Release|Any CPU
		{E3C2E8EF-8E49-4619-8911-672B9E3EE4E7}.Release|x64.Build.0 = Release|Any CPU
		{E3C2E8EF-8E49-4619-8911-672B9E3EE4E7}.Release|x86.ActiveCfg = Release|Any CPU
		{E3C2E8EF-8E49-4619-8911-672B9E3EE4E7}.Release|x86.Build.0 = Release|Any CPU
		{C5338798-AB02-417E-BED7-055D0D711A64}.Debug|Any CPU.ActiveCfg = Debug|Any CPU
		{C5338798-AB02-417E-BED7-055D0D711A64}.Debug|Any CPU.Build.0 = Debug|Any CPU
		{C5338798-AB02-417E-BED7-055D0D711A64}.Debug|x64.ActiveCfg = Debug|Any CPU
		{C5338798-AB02-417E-BED7-055D0D711A64}.Debug|x64.Build.0 = Debug|Any CPU
		{C5338798-AB02-417E-BED7-055D0D711A64}.Debug|x86.ActiveCfg = Debug|Any CPU
		{C5338798-AB02-417E-BED7-055D0D711A64}.Debug|x86.Build.0 = Debug|Any CPU
		{C5338798-AB02-417E-BED7-055D0D711A64}.Release|Any CPU.ActiveCfg = Release|Any CPU
		{C5338798-AB02-417E-BED7-055D0D711A64}.Release|Any CPU.Build.0 = Release|Any CPU
		{C5338798-AB02-417E-BED7-055D0D711A64}.Release|x64.ActiveCfg = Release|Any CPU
		{C5338798-AB02-417E-BED7-055D0D711A64}.Release|x64.Build.0 = Release|Any CPU
		{C5338798-AB02-417E-BED7-055D0D711A64}.Release|x86.ActiveCfg = Release|Any CPU
		{C5338798-AB02-417E-BED7-055D0D711A64}.Release|x86.Build.0 = Release|Any CPU
		{CB25F178-9610-4E17-AAF4-3D6E7AA076F6}.Debug|Any CPU.ActiveCfg = Debug|Any CPU
		{CB25F178-9610-4E17-AAF4-3D6E7AA076F6}.Debug|Any CPU.Build.0 = Debug|Any CPU
		{CB25F178-9610-4E17-AAF4-3D6E7AA076F6}.Debug|x64.ActiveCfg = Debug|Any CPU
		{CB25F178-9610-4E17-AAF4-3D6E7AA076F6}.Debug|x64.Build.0 = Debug|Any CPU
		{CB25F178-9610-4E17-AAF4-3D6E7AA076F6}.Debug|x86.ActiveCfg = Debug|Any CPU
		{CB25F178-9610-4E17-AAF4-3D6E7AA076F6}.Debug|x86.Build.0 = Debug|Any CPU
		{CB25F178-9610-4E17-AAF4-3D6E7AA076F6}.Release|Any CPU.ActiveCfg = Release|Any CPU
		{CB25F178-9610-4E17-AAF4-3D6E7AA076F6}.Release|Any CPU.Build.0 = Release|Any CPU
		{CB25F178-9610-4E17-AAF4-3D6E7AA076F6}.Release|x64.ActiveCfg = Release|Any CPU
		{CB25F178-9610-4E17-AAF4-3D6E7AA076F6}.Release|x64.Build.0 = Release|Any CPU
		{CB25F178-9610-4E17-AAF4-3D6E7AA076F6}.Release|x86.ActiveCfg = Release|Any CPU
		{CB25F178-9610-4E17-AAF4-3D6E7AA076F6}.Release|x86.Build.0 = Release|Any CPU
	EndGlobalSection
	GlobalSection(SolutionProperties) = preSolution
		HideSolutionNode = FALSE
	EndGlobalSection
	GlobalSection(NestedProjects) = preSolution
		{93B4828F-F7B0-427E-96B3-E30E06CFC308} = {C36488AB-175F-4F48-AC01-C5590AF6420A}
		{8DF070EC-EC6E-4F33-B33B-3C53E63E04E7} = {A8204893-3534-46AE-90A8-884482517B79}
		{716BFDE5-731B-4195-8B7B-1D79E975E742} = {C36488AB-175F-4F48-AC01-C5590AF6420A}
		{93BF0D91-5FA7-4282-A722-E24EE2A4B892} = {A8204893-3534-46AE-90A8-884482517B79}
		{4BFE746E-DC60-4524-93A4-A2567A642683} = {274B8E34-2BFD-465B-A90E-E89CE0812E02}
		{9822C27C-9C3D-499A-82CA-9F0A0DD6B66E} = {274B8E34-2BFD-465B-A90E-E89CE0812E02}
		{AB43A094-FFF6-4EF4-B2FA-54EB6F9D460F} = {274B8E34-2BFD-465B-A90E-E89CE0812E02}
		{DE227FBF-7543-4943-B9D3-BFD7B942C552} = {274B8E34-2BFD-465B-A90E-E89CE0812E02}
		{E3C2E8EF-8E49-4619-8911-672B9E3EE4E7} = {274B8E34-2BFD-465B-A90E-E89CE0812E02}
		{C5338798-AB02-417E-BED7-055D0D711A64} = {274B8E34-2BFD-465B-A90E-E89CE0812E02}
		{CB25F178-9610-4E17-AAF4-3D6E7AA076F6} = {274B8E34-2BFD-465B-A90E-E89CE0812E02}
	EndGlobalSection
	GlobalSection(ExtensibilityGlobals) = postSolution
		SolutionGuid = {1F397DD2-47BB-417A-90CE-0F9318783A20}
	EndGlobalSection
EndGlobal
