
Microsoft Visual Studio Solution File, Format Version 12.00
Project("{FAE04EC0-301F-11D3-BF4B-00C04F79EFBC}") = "Willow.LiveData.TelemetryDataQuality", "src\Willow.LiveData.TelemetryDataQuality\Willow.LiveData.TelemetryDataQuality.csproj", "{60508B2C-4CAE-424F-9B11-0B55223EA5CD}"
EndProject
Project("{2150E333-8FDC-42A3-9474-1A3956D46DE8}") = ".github", ".github", "{E56F18DA-BE31-4841-852D-99515D1F7FBD}"
	ProjectSection(SolutionItems) = preProject
		..\..\..\.github\workflows\telemetry-data-quality-app.yml = ..\..\..\.github\workflows\telemetry-data-quality-app.yml
	EndProjectSection
EndProject
Project("{2150E333-8FDC-42A3-9474-1A3956D46DE8}") = "Config", "Config", "{D70B170E-7545-4C7E-B3D9-8434C5BF1BF5}"
	ProjectSection(SolutionItems) = preProject
		Directory.Build.props = Directory.Build.props
		Directory.Build.targets = Directory.Build.targets
		README.md = README.md
	EndProjectSection
EndProject
Project("{FAE04EC0-301F-11D3-BF4B-00C04F79EFBC}") = "Willow.LiveData.TelemetryDataQuality.Tests", "test\Willow.LiveData.TelemetryDataQuality.Tests\Willow.LiveData.TelemetryDataQuality.Tests.csproj", "{A1AACA44-03C5-492C-9BF3-FF7BE47D936B}"
EndProject
Global
	GlobalSection(SolutionConfigurationPlatforms) = preSolution
		Debug|Any CPU = Debug|Any CPU
		Release|Any CPU = Release|Any CPU
	EndGlobalSection
	GlobalSection(ProjectConfigurationPlatforms) = postSolution
		{60508B2C-4CAE-424F-9B11-0B55223EA5CD}.Debug|Any CPU.ActiveCfg = Debug|Any CPU
		{60508B2C-4CAE-424F-9B11-0B55223EA5CD}.Debug|Any CPU.Build.0 = Debug|Any CPU
		{60508B2C-4CAE-424F-9B11-0B55223EA5CD}.Release|Any CPU.ActiveCfg = Release|Any CPU
		{60508B2C-4CAE-424F-9B11-0B55223EA5CD}.Release|Any CPU.Build.0 = Release|Any CPU
		{A1AACA44-03C5-492C-9BF3-FF7BE47D936B}.Debug|Any CPU.ActiveCfg = Debug|Any CPU
		{A1AACA44-03C5-492C-9BF3-FF7BE47D936B}.Debug|Any CPU.Build.0 = Debug|Any CPU
		{A1AACA44-03C5-492C-9BF3-FF7BE47D936B}.Release|Any CPU.ActiveCfg = Release|Any CPU
		{A1AACA44-03C5-492C-9BF3-FF7BE47D936B}.Release|Any CPU.Build.0 = Release|Any CPU
	EndGlobalSection
EndGlobal
