
Microsoft Visual Studio Solution File, Format Version 12.00
# Visual Studio Version 17
VisualStudioVersion = 17.5.002.0
MinimumVisualStudioVersion = 10.0.40219.1
Project("{9A19103F-16F7-4668-BE54-9A1E7A4F7556}") = "OntologyGraphTool", "OntologyGraphTool.csproj", "{55A13C09-4D76-4175-8E1B-ECD496C6D816}"
EndProject
Global
	GlobalSection(SolutionConfigurationPlatforms) = preSolution
		Debug|Any CPU = Debug|Any CPU
		Release|Any CPU = Release|Any CPU
	EndGlobalSection
	GlobalSection(ProjectConfigurationPlatforms) = postSolution
		{55A13C09-4D76-4175-8E1B-ECD496C6D816}.Debug|Any CPU.ActiveCfg = Debug|Any CPU
		{55A13C09-4D76-4175-8E1B-ECD496C6D816}.Debug|Any CPU.Build.0 = Debug|Any CPU
		{55A13C09-4D76-4175-8E1B-ECD496C6D816}.Release|Any CPU.ActiveCfg = Release|Any CPU
		{55A13C09-4D76-4175-8E1B-ECD496C6D816}.Release|Any CPU.Build.0 = Release|Any CPU
	EndGlobalSection
	GlobalSection(SolutionProperties) = preSolution
		HideSolutionNode = FALSE
	EndGlobalSection
	GlobalSection(ExtensibilityGlobals) = postSolution
		SolutionGuid = {A590AAA5-C5C2-4F56-9AFC-EE33EE82FE08}
	EndGlobalSection
EndGlobal
