
Microsoft Visual Studio Solution File, Format Version 12.00
# Visual Studio Version 17
VisualStudioVersion = 17.8.34309.116
MinimumVisualStudioVersion = 10.0.40219.1
Project("{9A19103F-16F7-4668-BE54-9A1E7A4F7556}") = "AzureAdTokenGenerator", "AzureAdTokenGenerator\AzureAdTokenGenerator.csproj", "{C35306F2-30A0-4396-92BD-8FD86700615B}"
EndProject
Project("{9A19103F-16F7-4668-BE54-9A1E7A4F7556}") = "CosmosContainerCopy", "CosmosContainerCopy\CosmosContainerCopy.csproj", "{D02E2DB3-BBD1-48BF-8F9A-499744968D94}"
EndProject
Project("{9A19103F-16F7-4668-BE54-9A1E7A4F7556}") = "OntologyGraphTool", "OntologyGraphTool\OntologyGraphTool.csproj", "{753CEF17-5A3C-4748-8E10-5DD1EEAD15F5}"
EndProject
Project("{9A19103F-16F7-4668-BE54-9A1E7A4F7556}") = "Willow.AzureDigitalTwins.BackupRestore", "Willow.AzureDigitalTwins\Willow.AzureDigitalTwins.BackupRestore.csproj", "{17CF603D-127D-4EF5-8342-E22E0C335A22}"
EndProject
Project("{9A19103F-16F7-4668-BE54-9A1E7A4F7556}") = "AdminApp", "WillowWSUP\AdminApp\AdminApp.csproj", "{2C6A43AB-1EAC-4061-B723-852B42F1EE8C}"
EndProject
Global
	GlobalSection(SolutionConfigurationPlatforms) = preSolution
		Debug|Any CPU = Debug|Any CPU
		Release|Any CPU = Release|Any CPU
	EndGlobalSection
	GlobalSection(ProjectConfigurationPlatforms) = postSolution
		{C35306F2-30A0-4396-92BD-8FD86700615B}.Debug|Any CPU.ActiveCfg = Debug|Any CPU
		{C35306F2-30A0-4396-92BD-8FD86700615B}.Debug|Any CPU.Build.0 = Debug|Any CPU
		{C35306F2-30A0-4396-92BD-8FD86700615B}.Release|Any CPU.ActiveCfg = Release|Any CPU
		{C35306F2-30A0-4396-92BD-8FD86700615B}.Release|Any CPU.Build.0 = Release|Any CPU
		{D02E2DB3-BBD1-48BF-8F9A-499744968D94}.Debug|Any CPU.ActiveCfg = Debug|Any CPU
		{D02E2DB3-BBD1-48BF-8F9A-499744968D94}.Debug|Any CPU.Build.0 = Debug|Any CPU
		{D02E2DB3-BBD1-48BF-8F9A-499744968D94}.Release|Any CPU.ActiveCfg = Release|Any CPU
		{D02E2DB3-BBD1-48BF-8F9A-499744968D94}.Release|Any CPU.Build.0 = Release|Any CPU
		{753CEF17-5A3C-4748-8E10-5DD1EEAD15F5}.Debug|Any CPU.ActiveCfg = Debug|Any CPU
		{753CEF17-5A3C-4748-8E10-5DD1EEAD15F5}.Debug|Any CPU.Build.0 = Debug|Any CPU
		{753CEF17-5A3C-4748-8E10-5DD1EEAD15F5}.Release|Any CPU.ActiveCfg = Release|Any CPU
		{753CEF17-5A3C-4748-8E10-5DD1EEAD15F5}.Release|Any CPU.Build.0 = Release|Any CPU
		{17CF603D-127D-4EF5-8342-E22E0C335A22}.Debug|Any CPU.ActiveCfg = Debug|Any CPU
		{17CF603D-127D-4EF5-8342-E22E0C335A22}.Debug|Any CPU.Build.0 = Debug|Any CPU
		{17CF603D-127D-4EF5-8342-E22E0C335A22}.Release|Any CPU.ActiveCfg = Release|Any CPU
		{17CF603D-127D-4EF5-8342-E22E0C335A22}.Release|Any CPU.Build.0 = Release|Any CPU
		{2C6A43AB-1EAC-4061-B723-852B42F1EE8C}.Debug|Any CPU.ActiveCfg = Debug|Any CPU
		{2C6A43AB-1EAC-4061-B723-852B42F1EE8C}.Debug|Any CPU.Build.0 = Debug|Any CPU
		{2C6A43AB-1EAC-4061-B723-852B42F1EE8C}.Release|Any CPU.ActiveCfg = Release|Any CPU
		{2C6A43AB-1EAC-4061-B723-852B42F1EE8C}.Release|Any CPU.Build.0 = Release|Any CPU
	EndGlobalSection
	GlobalSection(SolutionProperties) = preSolution
		HideSolutionNode = FALSE
	EndGlobalSection
	GlobalSection(ExtensibilityGlobals) = postSolution
		SolutionGuid = {D5ECCEE5-18A7-4449-9E5D-7B878220289C}
	EndGlobalSection
EndGlobal
