
Microsoft Visual Studio Solution File, Format Version 12.00
# Visual Studio Version 17
VisualStudioVersion = 17.0.32014.148
MinimumVisualStudioVersion = 10.0.40219.1
Project("{9A19103F-16F7-4668-BE54-9A1E7A4F7556}") = "Willow.AzureDigitalTwins.Api", "Willow.AzureDigitalTwins.Api\Willow.AzureDigitalTwins.Api.csproj", "{156456B4-521B-4267-BA67-D99177ED3E45}"
EndProject
Project("{9A19103F-16F7-4668-BE54-9A1E7A4F7556}") = "Willow.AzureDigitalTwins.Api.APITests", "Willow.AzureDigitalTwins.Api.APITests\Willow.AzureDigitalTwins.Api.APITests.csproj", "{14C09F9C-F500-443B-82D5-9DE1B67D287C}"
EndProject
Project("{9A19103F-16F7-4668-BE54-9A1E7A4F7556}") = "Willow.AzureDigitalTwins.Api.Persistence", "Willow.AzureDigitalTwins.Api.Persistence\Willow.AzureDigitalTwins.Api.Persistence.csproj", "{A13161D2-435D-4A55-8267-1A95CBA6271C}"
EndProject
Project("{9A19103F-16F7-4668-BE54-9A1E7A4F7556}") = "Willow.AzureDigitalTwins.Api.UnitTests", "Willow.AzureDigitalTwins.Api.UnitTests\Willow.AzureDigitalTwins.Api.UnitTests.csproj", "{C2F50FCD-725F-4559-94CB-830B72A39762}"
EndProject
Global
	GlobalSection(SolutionConfigurationPlatforms) = preSolution
		Debug|Any CPU = Debug|Any CPU
		Release|Any CPU = Release|Any CPU
	EndGlobalSection
	GlobalSection(ProjectConfigurationPlatforms) = postSolution
		{156456B4-521B-4267-BA67-D99177ED3E45}.Debug|Any CPU.ActiveCfg = Debug|Any CPU
		{156456B4-521B-4267-BA67-D99177ED3E45}.Debug|Any CPU.Build.0 = Debug|Any CPU
		{156456B4-521B-4267-BA67-D99177ED3E45}.Release|Any CPU.ActiveCfg = Release|Any CPU
		{156456B4-521B-4267-BA67-D99177ED3E45}.Release|Any CPU.Build.0 = Release|Any CPU
		{14C09F9C-F500-443B-82D5-9DE1B67D287C}.Debug|Any CPU.ActiveCfg = Debug|Any CPU
		{14C09F9C-F500-443B-82D5-9DE1B67D287C}.Debug|Any CPU.Build.0 = Debug|Any CPU
		{14C09F9C-F500-443B-82D5-9DE1B67D287C}.Release|Any CPU.ActiveCfg = Release|Any CPU
		{14C09F9C-F500-443B-82D5-9DE1B67D287C}.Release|Any CPU.Build.0 = Release|Any CPU
		{A13161D2-435D-4A55-8267-1A95CBA6271C}.Debug|Any CPU.ActiveCfg = Debug|Any CPU
		{A13161D2-435D-4A55-8267-1A95CBA6271C}.Debug|Any CPU.Build.0 = Debug|Any CPU
		{A13161D2-435D-4A55-8267-1A95CBA6271C}.Release|Any CPU.ActiveCfg = Release|Any CPU
		{A13161D2-435D-4A55-8267-1A95CBA6271C}.Release|Any CPU.Build.0 = Release|Any CPU
		{C2F50FCD-725F-4559-94CB-830B72A39762}.Debug|Any CPU.ActiveCfg = Debug|Any CPU
		{C2F50FCD-725F-4559-94CB-830B72A39762}.Debug|Any CPU.Build.0 = Debug|Any CPU
		{C2F50FCD-725F-4559-94CB-830B72A39762}.Release|Any CPU.ActiveCfg = Release|Any CPU
		{C2F50FCD-725F-4559-94CB-830B72A39762}.Release|Any CPU.Build.0 = Release|Any CPU
	EndGlobalSection
	GlobalSection(SolutionProperties) = preSolution
		HideSolutionNode = FALSE
	EndGlobalSection
EndGlobal
